// !$*UTF8*$!
{
	archiveVersion = 1;
	classes = {
	};
	objectVersion = 45;
	objects = {

/* Begin PBXBuildFile section */
		1D60589F0D05DD5A006BFB54 /* Foundation.framework in Frameworks */ = {isa = PBXBuildFile; fileRef = 1D30AB110D05D00D00671497 /* Foundation.framework */; };
		1DF5F4E00D08C38300B7A737 /* UIKit.framework in Frameworks */ = {isa = PBXBuildFile; fileRef = 1DF5F4DF0D08C38300B7A737 /* UIKit.framework */; };
		288765A50DF7441C002DB57D /* CoreGraphics.framework in Frameworks */ = {isa = PBXBuildFile; fileRef = 288765A40DF7441C002DB57D /* CoreGraphics.framework */; };
		B501589A139D6B7800292508 /* EMKSectionsController.h in Headers */ = {isa = PBXBuildFile; fileRef = B5015898139D6B7800292508 /* EMKSectionsController.h */; };
		B501589B139D6B7800292508 /* EMKSectionsController.m in Sources */ = {isa = PBXBuildFile; fileRef = B5015899139D6B7800292508 /* EMKSectionsController.m */; };
		B51F2358139786E1003B00DF /* NSObject+EMKMethodSwizzling.h in Headers */ = {isa = PBXBuildFile; fileRef = B51F2357139786E1003B00DF /* NSObject+EMKMethodSwizzling.h */; };
		B51F235B1397A3BA003B00DF /* EMKAssociateDelegateTest.m in Sources */ = {isa = PBXBuildFile; fileRef = B51F235A1397A3BA003B00DF /* EMKAssociateDelegateTest.m */; };
		B51F235E1397A3DF003B00DF /* NSInvocation+EMKActionInitializerTests.m in Sources */ = {isa = PBXBuildFile; fileRef = B51F235D1397A3DF003B00DF /* NSInvocation+EMKActionInitializerTests.m */; };
		B51F23621397A412003B00DF /* NSOperationQueue+EMKDefaultQueueTests.m in Sources */ = {isa = PBXBuildFile; fileRef = B51F23601397A407003B00DF /* NSOperationQueue+EMKDefaultQueueTests.m */; };
		B51F23651397A456003B00DF /* NSObject+EMKKVOSelectorTests.m in Sources */ = {isa = PBXBuildFile; fileRef = B51F23641397A456003B00DF /* NSObject+EMKKVOSelectorTests.m */; };
		B54FAADE139D8103001BD0D2 /* EMKSectionsController+NSFetchedResultsControllerUpdate.h in Headers */ = {isa = PBXBuildFile; fileRef = B54FAADC139D8103001BD0D2 /* EMKSectionsController+NSFetchedResultsControllerUpdate.h */; };
		B54FAADF139D8103001BD0D2 /* EMKSectionsController+NSFetchedResultsControllerUpdate.m in Sources */ = {isa = PBXBuildFile; fileRef = B54FAADD139D8103001BD0D2 /* EMKSectionsController+NSFetchedResultsControllerUpdate.m */; };
		B55A1189136AC54700248869 /* CoreData.framework in Frameworks */ = {isa = PBXBuildFile; fileRef = B55A1188136AC54700248869 /* CoreData.framework */; };
		B55A118B136AC55F00248869 /* CoreData.framework in Frameworks */ = {isa = PBXBuildFile; fileRef = B55A118A136AC55F00248869 /* CoreData.framework */; };
		B56B1818135EDCF000184810 /* UIKit.framework in Frameworks */ = {isa = PBXBuildFile; fileRef = B56B1817135EDCF000184810 /* UIKit.framework */; };
		B56B181A135EDCF000184810 /* Foundation.framework in Frameworks */ = {isa = PBXBuildFile; fileRef = B56B1819135EDCF000184810 /* Foundation.framework */; };
		B56B181C135EDCF000184810 /* CoreGraphics.framework in Frameworks */ = {isa = PBXBuildFile; fileRef = B56B181B135EDCF000184810 /* CoreGraphics.framework */; };
		B56B1878135EF10900184810 /* SenTestingKit.framework in Frameworks */ = {isa = PBXBuildFile; fileRef = B56B1877135EF10900184810 /* SenTestingKit.framework */; };
		B58A1513138BEE1F00A9A82B /* NSObject+EMKAccessors.h in Headers */ = {isa = PBXBuildFile; fileRef = B58A1511138BEE1F00A9A82B /* NSObject+EMKAccessors.h */; };
		B58A1515138BEE9F00A9A82B /* NSObject+EMKAccessors.m in Sources */ = {isa = PBXBuildFile; fileRef = B58A1512138BEE1F00A9A82B /* NSObject+EMKAccessors.m */; };
		B58A921F138BD89A00C7BEC3 /* NSManagedObject+EMKFetchRequest.h in Headers */ = {isa = PBXBuildFile; fileRef = B58A91F8138BD89A00C7BEC3 /* NSManagedObject+EMKFetchRequest.h */; };
		B58A9221138BD89A00C7BEC3 /* EMKPantry.h in Headers */ = {isa = PBXBuildFile; fileRef = B58A91FA138BD89A00C7BEC3 /* EMKPantry.h */; };
		B58A9222138BD89A00C7BEC3 /* EMKAssociateDelegate.h in Headers */ = {isa = PBXBuildFile; fileRef = B58A91FC138BD89A00C7BEC3 /* EMKAssociateDelegate.h */; };
		B58A9224138BD89A00C7BEC3 /* EMKMutableTypedArray.h in Headers */ = {isa = PBXBuildFile; fileRef = B58A91FE138BD89A00C7BEC3 /* EMKMutableTypedArray.h */; };
		B58A9226138BD89A00C7BEC3 /* EMKTypedArray.h in Headers */ = {isa = PBXBuildFile; fileRef = B58A9200138BD89A00C7BEC3 /* EMKTypedArray.h */; };
		B58A9228138BD89A00C7BEC3 /* NSInvocation+EMKActionInitializer.h in Headers */ = {isa = PBXBuildFile; fileRef = B58A9202138BD89A00C7BEC3 /* NSInvocation+EMKActionInitializer.h */; };
		B58A922A138BD89A00C7BEC3 /* NSMethodSignature+EMKMethodTypeEncoding.h in Headers */ = {isa = PBXBuildFile; fileRef = B58A9204138BD89A00C7BEC3 /* NSMethodSignature+EMKMethodTypeEncoding.h */; };
		B58A922E138BD89A00C7BEC3 /* NSObject+EMKKVOSelector.h in Headers */ = {isa = PBXBuildFile; fileRef = B58A9208138BD89A00C7BEC3 /* NSObject+EMKKVOSelector.h */; };
		B58A9230138BD89A00C7BEC3 /* NSOperationQueue+EMKDefaultQueue.h in Headers */ = {isa = PBXBuildFile; fileRef = B58A920A138BD89A00C7BEC3 /* NSOperationQueue+EMKDefaultQueue.h */; };
		B58A9232138BD89A00C7BEC3 /* EMKTableViewCell.h in Headers */ = {isa = PBXBuildFile; fileRef = B58A920D138BD89A00C7BEC3 /* EMKTableViewCell.h */; };
		B58A9234138BD89A00C7BEC3 /* EMKView.h in Headers */ = {isa = PBXBuildFile; fileRef = B58A920F138BD89A00C7BEC3 /* EMKView.h */; };
		B58A9236138BD89A00C7BEC3 /* UIApplication+EMKNetworkActivityParticipation.h in Headers */ = {isa = PBXBuildFile; fileRef = B58A9211138BD89A00C7BEC3 /* UIApplication+EMKNetworkActivityParticipation.h */; };
		B58A9238138BD89A00C7BEC3 /* UIButton+EMKAccessoryButton.h in Headers */ = {isa = PBXBuildFile; fileRef = B58A9213138BD89A00C7BEC3 /* UIButton+EMKAccessoryButton.h */; };
		B58A923A138BD89A00C7BEC3 /* UILabel+EMKResizing.h in Headers */ = {isa = PBXBuildFile; fileRef = B58A9215138BD89A00C7BEC3 /* UILabel+EMKResizing.h */; };
		B58A923C138BD89A00C7BEC3 /* UINavigationController+EMKRootViewController.h in Headers */ = {isa = PBXBuildFile; fileRef = B58A9217138BD89A00C7BEC3 /* UINavigationController+EMKRootViewController.h */; };
		B58A923E138BD89A00C7BEC3 /* UIView+EMKNibLoading.h in Headers */ = {isa = PBXBuildFile; fileRef = B58A9219138BD89A00C7BEC3 /* UIView+EMKNibLoading.h */; };
		B58A9240138BD89A00C7BEC3 /* UIView+EMKViewSearching.h in Headers */ = {isa = PBXBuildFile; fileRef = B58A921B138BD89A00C7BEC3 /* UIView+EMKViewSearching.h */; };
		B58A9242138BD89A00C7BEC3 /* UIViewController+EMKInitializers.h in Headers */ = {isa = PBXBuildFile; fileRef = B58A921D138BD89A00C7BEC3 /* UIViewController+EMKInitializers.h */; };
		B58A9268138BD8E200C7BEC3 /* EMKPantry-Info.plist in Resources */ = {isa = PBXBuildFile; fileRef = B58A9266138BD8E200C7BEC3 /* EMKPantry-Info.plist */; };
		B58A9269138BD8E200C7BEC3 /* main.m in Sources */ = {isa = PBXBuildFile; fileRef = B58A9267138BD8E200C7BEC3 /* main.m */; };
		B58A926D138BD8F700C7BEC3 /* EMKTestView.m in Sources */ = {isa = PBXBuildFile; fileRef = B58A926B138BD8F700C7BEC3 /* EMKTestView.m */; };
		B58A926E138BD8F700C7BEC3 /* EMKTestView.xib in Resources */ = {isa = PBXBuildFile; fileRef = B58A926C138BD8F700C7BEC3 /* EMKTestView.xib */; };
		B58A9272138BD90B00C7BEC3 /* EMKPantryAppDelegate.m in Sources */ = {isa = PBXBuildFile; fileRef = B58A9270138BD90B00C7BEC3 /* EMKPantryAppDelegate.m */; };
		B58A9273138BD90B00C7BEC3 /* MainWindow.xib in Resources */ = {isa = PBXBuildFile; fileRef = B58A9271138BD90B00C7BEC3 /* MainWindow.xib */; };
		B58A9286138BD94F00C7BEC3 /* EMKAssociateDelegateViewController.m in Sources */ = {isa = PBXBuildFile; fileRef = B58A9275138BD94F00C7BEC3 /* EMKAssociateDelegateViewController.m */; };
		B58A9287138BD94F00C7BEC3 /* EMKAssociateDelegateViewController.xib in Resources */ = {isa = PBXBuildFile; fileRef = B58A9276138BD94F00C7BEC3 /* EMKAssociateDelegateViewController.xib */; };
		B58A9288138BD94F00C7BEC3 /* EMKOperationAndInvocationViewController.m in Sources */ = {isa = PBXBuildFile; fileRef = B58A9278138BD94F00C7BEC3 /* EMKOperationAndInvocationViewController.m */; };
		B58A9289138BD94F00C7BEC3 /* EMKOperationAndInvocationViewController.xib in Resources */ = {isa = PBXBuildFile; fileRef = B58A9279138BD94F00C7BEC3 /* EMKOperationAndInvocationViewController.xib */; };
		B58A928A138BD94F00C7BEC3 /* EMKRootViewController.m in Sources */ = {isa = PBXBuildFile; fileRef = B58A927B138BD94F00C7BEC3 /* EMKRootViewController.m */; };
		B58A928B138BD94F00C7BEC3 /* EMKRootViewController.xib in Resources */ = {isa = PBXBuildFile; fileRef = B58A927C138BD94F00C7BEC3 /* EMKRootViewController.xib */; };
		B58A928C138BD94F00C7BEC3 /* EMKSetControllerViewController.xib in Resources */ = {isa = PBXBuildFile; fileRef = B58A927D138BD94F00C7BEC3 /* EMKSetControllerViewController.xib */; };
		B58A928D138BD94F00C7BEC3 /* EMKSetControllerViewController.m in Sources */ = {isa = PBXBuildFile; fileRef = B58A927F138BD94F00C7BEC3 /* EMKSetControllerViewController.m */; };
		B58A928E138BD94F00C7BEC3 /* EMKTypedArrayViewController.m in Sources */ = {isa = PBXBuildFile; fileRef = B58A9281138BD94F00C7BEC3 /* EMKTypedArrayViewController.m */; };
		B58A928F138BD94F00C7BEC3 /* EMKTypedArrayViewController.xib in Resources */ = {isa = PBXBuildFile; fileRef = B58A9282138BD94F00C7BEC3 /* EMKTypedArrayViewController.xib */; };
		B58A9290138BD94F00C7BEC3 /* EMKViewViewController.m in Sources */ = {isa = PBXBuildFile; fileRef = B58A9284138BD94F00C7BEC3 /* EMKViewViewController.m */; };
		B58A9291138BD94F00C7BEC3 /* EMKViewViewController.xib in Resources */ = {isa = PBXBuildFile; fileRef = B58A9285138BD94F00C7BEC3 /* EMKViewViewController.xib */; };
		B58A9296138BD97100C7BEC3 /* EMKMutableTypedArrayTest.m in Sources */ = {isa = PBXBuildFile; fileRef = B58A9293138BD97100C7BEC3 /* EMKMutableTypedArrayTest.m */; };
		B58A9297138BD97100C7BEC3 /* EMKTypedArrayTest.m in Sources */ = {isa = PBXBuildFile; fileRef = B58A9295138BD97100C7BEC3 /* EMKTypedArrayTest.m */; };
		B58A92A2138BDA0800C7BEC3 /* InfoPlist.strings in Resources */ = {isa = PBXBuildFile; fileRef = B58A92A0138BDA0800C7BEC3 /* InfoPlist.strings */; };
		B58A92A3138BDC6F00C7BEC3 /* libcom.electricmuffinkitchen.emkpantry.a in Frameworks */ = {isa = PBXBuildFile; fileRef = B58A91AD138BD59800C7BEC3 /* libcom.electricmuffinkitchen.emkpantry.a */; };
		B58A92A4138BDC7300C7BEC3 /* libcom.electricmuffinkitchen.emkwip.a in Frameworks */ = {isa = PBXBuildFile; fileRef = B58A91BB138BD5B400C7BEC3 /* libcom.electricmuffinkitchen.emkwip.a */; };
		B58C275A138BE8DE00BCC18B /* EMKWebCacheController.m in Sources */ = {isa = PBXBuildFile; fileRef = B58A9253138BD8A600C7BEC3 /* EMKWebCacheController.m */; };
		B58C275B138BE8E300BCC18B /* NSFileHandle+EMKTemporaryFile.m in Sources */ = {isa = PBXBuildFile; fileRef = B58A9256138BD8A600C7BEC3 /* NSFileHandle+EMKTemporaryFile.m */; };
		B58C275C138BE8F000BCC18B /* EMKObjectMappingTableViewController.m in Sources */ = {isa = PBXBuildFile; fileRef = B58A9246138BD8A600C7BEC3 /* EMKObjectMappingTableViewController.m */; };
		B58C2761138BE8F000BCC18B /* EMKStateArchiving.m in Sources */ = {isa = PBXBuildFile; fileRef = B58A9251138BD8A600C7BEC3 /* EMKStateArchiving.m */; };
		B58C2762138BE95500BCC18B /* NSManagedObject+EMKFetchRequest.m in Sources */ = {isa = PBXBuildFile; fileRef = B58A91F9138BD89A00C7BEC3 /* NSManagedObject+EMKFetchRequest.m */; };
		B58C2763138BE95500BCC18B /* EMKAssociateDelegate.m in Sources */ = {isa = PBXBuildFile; fileRef = B58A91FD138BD89A00C7BEC3 /* EMKAssociateDelegate.m */; };
		B58C2764138BE95500BCC18B /* EMKMutableTypedArray.m in Sources */ = {isa = PBXBuildFile; fileRef = B58A91FF138BD89A00C7BEC3 /* EMKMutableTypedArray.m */; };
		B58C2765138BE95500BCC18B /* EMKTypedArray.m in Sources */ = {isa = PBXBuildFile; fileRef = B58A9201138BD89A00C7BEC3 /* EMKTypedArray.m */; };
		B58C2766138BE95500BCC18B /* NSInvocation+EMKActionInitializer.m in Sources */ = {isa = PBXBuildFile; fileRef = B58A9203138BD89A00C7BEC3 /* NSInvocation+EMKActionInitializer.m */; };
		B58C2767138BE95500BCC18B /* NSMethodSignature+EMKMethodTypeEncoding.m in Sources */ = {isa = PBXBuildFile; fileRef = B58A9205138BD89A00C7BEC3 /* NSMethodSignature+EMKMethodTypeEncoding.m */; };
		B58C2769138BE95500BCC18B /* NSObject+EMKKVOSelector.m in Sources */ = {isa = PBXBuildFile; fileRef = B58A9209138BD89A00C7BEC3 /* NSObject+EMKKVOSelector.m */; };
		B58C276A138BE95500BCC18B /* NSOperationQueue+EMKDefaultQueue.m in Sources */ = {isa = PBXBuildFile; fileRef = B58A920B138BD89A00C7BEC3 /* NSOperationQueue+EMKDefaultQueue.m */; };
		B58C276B138BE95500BCC18B /* EMKTableViewCell.m in Sources */ = {isa = PBXBuildFile; fileRef = B58A920E138BD89A00C7BEC3 /* EMKTableViewCell.m */; };
		B58C276C138BE95500BCC18B /* EMKView.m in Sources */ = {isa = PBXBuildFile; fileRef = B58A9210138BD89A00C7BEC3 /* EMKView.m */; };
		B58C276D138BE95500BCC18B /* UIApplication+EMKNetworkActivityParticipation.m in Sources */ = {isa = PBXBuildFile; fileRef = B58A9212138BD89A00C7BEC3 /* UIApplication+EMKNetworkActivityParticipation.m */; };
		B58C276E138BE95500BCC18B /* UIButton+EMKAccessoryButton.m in Sources */ = {isa = PBXBuildFile; fileRef = B58A9214138BD89A00C7BEC3 /* UIButton+EMKAccessoryButton.m */; };
		B58C276F138BE95500BCC18B /* UILabel+EMKResizing.m in Sources */ = {isa = PBXBuildFile; fileRef = B58A9216138BD89A00C7BEC3 /* UILabel+EMKResizing.m */; };
		B58C2770138BE95500BCC18B /* UINavigationController+EMKRootViewController.m in Sources */ = {isa = PBXBuildFile; fileRef = B58A9218138BD89A00C7BEC3 /* UINavigationController+EMKRootViewController.m */; };
		B58C2771138BE95500BCC18B /* UIView+EMKNibLoading.m in Sources */ = {isa = PBXBuildFile; fileRef = B58A921A138BD89A00C7BEC3 /* UIView+EMKNibLoading.m */; };
		B58C2772138BE95500BCC18B /* UIView+EMKViewSearching.m in Sources */ = {isa = PBXBuildFile; fileRef = B58A921C138BD89A00C7BEC3 /* UIView+EMKViewSearching.m */; };
		B58C2773138BE95500BCC18B /* UIViewController+EMKInitializers.m in Sources */ = {isa = PBXBuildFile; fileRef = B58A921E138BD89A00C7BEC3 /* UIViewController+EMKInitializers.m */; };
		B597005C13BFB0CB00DBA2DC /* NSObject+EMKAccessorAsserts.m in Sources */ = {isa = PBXBuildFile; fileRef = B597005B13BFB0CB00DBA2DC /* NSObject+EMKAccessorAsserts.m */; };
		B5ADEC7A139E473500E36783 /* UILocalizedIndexedCollation+EMKSearchSectionIndexTitles.h in Headers */ = {isa = PBXBuildFile; fileRef = B5ADEC78139E473400E36783 /* UILocalizedIndexedCollation+EMKSearchSectionIndexTitles.h */; };
		B5ADEC7B139E473500E36783 /* UILocalizedIndexedCollation+EMKSearchSectionIndexTitles.m in Sources */ = {isa = PBXBuildFile; fileRef = B5ADEC79139E473400E36783 /* UILocalizedIndexedCollation+EMKSearchSectionIndexTitles.m */; };
		B5B51833142768AA0054FAE9 /* UIApplication+EMKApplicationDocumentsDirectory.h in Headers */ = {isa = PBXBuildFile; fileRef = B5B51831142768AA0054FAE9 /* UIApplication+EMKApplicationDocumentsDirectory.h */; };
		B5B51834142768AA0054FAE9 /* UIApplication+EMKApplicationDocumentsDirectory.m in Sources */ = {isa = PBXBuildFile; fileRef = B5B51832142768AA0054FAE9 /* UIApplication+EMKApplicationDocumentsDirectory.m */; };
		B5DC1DC913910F730033EB6B /* navBar.png in Resources */ = {isa = PBXBuildFile; fileRef = B5DC1DC713910F730033EB6B /* navBar.png */; };
		B5DC1DCA13910F730033EB6B /* navBar@2x.png in Resources */ = {isa = PBXBuildFile; fileRef = B5DC1DC813910F730033EB6B /* navBar@2x.png */; };
		B5DC1F0D1393F67C0033EB6B /* UINavigationBar+EMKBackgroundView.m in Sources */ = {isa = PBXBuildFile; fileRef = B5DC1F051393F67B0033EB6B /* UINavigationBar+EMKBackgroundView.m */; };
		B5DC1F0E1393F67C0033EB6B /* NSObject+EMKRuntimeProperties.m in Sources */ = {isa = PBXBuildFile; fileRef = B5DC1F061393F67B0033EB6B /* NSObject+EMKRuntimeProperties.m */; };
		B5DC1F0F1393F67C0033EB6B /* NSObject+EMKRuntimeProperties.h in Headers */ = {isa = PBXBuildFile; fileRef = B5DC1F071393F67B0033EB6B /* NSObject+EMKRuntimeProperties.h */; };
		B5DC1F101393F67C0033EB6B /* NSObject+EMKMethodSwizzling.m in Sources */ = {isa = PBXBuildFile; fileRef = B5DC1F081393F67C0033EB6B /* NSObject+EMKMethodSwizzling.m */; };
		B5DC1F121393F67C0033EB6B /* UIImage+EMKTintedImage.h in Headers */ = {isa = PBXBuildFile; fileRef = B5DC1F0A1393F67C0033EB6B /* UIImage+EMKTintedImage.h */; };
		B5DC1F131393F67C0033EB6B /* UIImage+EMKTintedImage.m in Sources */ = {isa = PBXBuildFile; fileRef = B5DC1F0B1393F67C0033EB6B /* UIImage+EMKTintedImage.m */; };
		B5DC1F141393F67C0033EB6B /* UINavigationBar+EMKBackgroundView.h in Headers */ = {isa = PBXBuildFile; fileRef = B5DC1F0C1393F67C0033EB6B /* UINavigationBar+EMKBackgroundView.h */; };
		B5DC1F17139450D20033EB6B /* NSObject+EMKAccessorsTest.m in Sources */ = {isa = PBXBuildFile; fileRef = B5DC1F16139450D20033EB6B /* NSObject+EMKAccessorsTest.m */; };
		B5DC1F18139453650033EB6B /* libcom.electricmuffinkitchen.emkpantry.a in Frameworks */ = {isa = PBXBuildFile; fileRef = B58A91AD138BD59800C7BEC3 /* libcom.electricmuffinkitchen.emkpantry.a */; };
		B5F2D0081394EFAF00015B9E /* NSMethodSignature+EMKMethodTypeEncodingTests.m in Sources */ = {isa = PBXBuildFile; fileRef = B5F2D0071394EFAF00015B9E /* NSMethodSignature+EMKMethodTypeEncodingTests.m */; };
/* End PBXBuildFile section */

/* Begin PBXFileReference section */
		1D30AB110D05D00D00671497 /* Foundation.framework */ = {isa = PBXFileReference; lastKnownFileType = wrapper.framework; name = Foundation.framework; path = System/Library/Frameworks/Foundation.framework; sourceTree = SDKROOT; };
		1D6058910D05DD3D006BFB54 /* EMKPantry.app */ = {isa = PBXFileReference; explicitFileType = wrapper.application; includeInIndex = 0; path = EMKPantry.app; sourceTree = BUILT_PRODUCTS_DIR; };
		1DF5F4DF0D08C38300B7A737 /* UIKit.framework */ = {isa = PBXFileReference; lastKnownFileType = wrapper.framework; name = UIKit.framework; path = System/Library/Frameworks/UIKit.framework; sourceTree = SDKROOT; };
		288765A40DF7441C002DB57D /* CoreGraphics.framework */ = {isa = PBXFileReference; lastKnownFileType = wrapper.framework; name = CoreGraphics.framework; path = System/Library/Frameworks/CoreGraphics.framework; sourceTree = SDKROOT; };
		B5015898139D6B7800292508 /* EMKSectionsController.h */ = {isa = PBXFileReference; fileEncoding = 4; lastKnownFileType = sourcecode.c.h; path = EMKSectionsController.h; sourceTree = "<group>"; };
		B5015899139D6B7800292508 /* EMKSectionsController.m */ = {isa = PBXFileReference; fileEncoding = 4; lastKnownFileType = sourcecode.c.objc; path = EMKSectionsController.m; sourceTree = "<group>"; };
		B51F2357139786E1003B00DF /* NSObject+EMKMethodSwizzling.h */ = {isa = PBXFileReference; fileEncoding = 4; lastKnownFileType = sourcecode.c.h; path = "NSObject+EMKMethodSwizzling.h"; sourceTree = "<group>"; };
		B51F23591397A3BA003B00DF /* EMKAssociateDelegateTest.h */ = {isa = PBXFileReference; fileEncoding = 4; lastKnownFileType = sourcecode.c.h; name = EMKAssociateDelegateTest.h; path = EMKPantry.xcodeproj/EMKAssociateDelegateTest.h; sourceTree = SOURCE_ROOT; };
		B51F235A1397A3BA003B00DF /* EMKAssociateDelegateTest.m */ = {isa = PBXFileReference; fileEncoding = 4; lastKnownFileType = sourcecode.c.objc; name = EMKAssociateDelegateTest.m; path = EMKPantry.xcodeproj/EMKAssociateDelegateTest.m; sourceTree = SOURCE_ROOT; };
		B51F235C1397A3DF003B00DF /* NSInvocation+EMKActionInitializerTests.h */ = {isa = PBXFileReference; fileEncoding = 4; lastKnownFileType = sourcecode.c.h; name = "NSInvocation+EMKActionInitializerTests.h"; path = "EMKPantry.xcodeproj/NSInvocation+EMKActionInitializerTests.h"; sourceTree = SOURCE_ROOT; };
		B51F235D1397A3DF003B00DF /* NSInvocation+EMKActionInitializerTests.m */ = {isa = PBXFileReference; fileEncoding = 4; lastKnownFileType = sourcecode.c.objc; name = "NSInvocation+EMKActionInitializerTests.m"; path = "EMKPantry.xcodeproj/NSInvocation+EMKActionInitializerTests.m"; sourceTree = SOURCE_ROOT; };
		B51F235F1397A407003B00DF /* NSOperationQueue+EMKDefaultQueueTests.h */ = {isa = PBXFileReference; fileEncoding = 4; lastKnownFileType = sourcecode.c.h; name = "NSOperationQueue+EMKDefaultQueueTests.h"; path = "EMKPantry.xcodeproj/NSOperationQueue+EMKDefaultQueueTests.h"; sourceTree = SOURCE_ROOT; };
		B51F23601397A407003B00DF /* NSOperationQueue+EMKDefaultQueueTests.m */ = {isa = PBXFileReference; fileEncoding = 4; lastKnownFileType = sourcecode.c.objc; name = "NSOperationQueue+EMKDefaultQueueTests.m"; path = "EMKPantry.xcodeproj/NSOperationQueue+EMKDefaultQueueTests.m"; sourceTree = SOURCE_ROOT; };
		B51F23631397A456003B00DF /* NSObject+EMKKVOSelectorTests.h */ = {isa = PBXFileReference; fileEncoding = 4; lastKnownFileType = sourcecode.c.h; name = "NSObject+EMKKVOSelectorTests.h"; path = "EMKPantry.xcodeproj/NSObject+EMKKVOSelectorTests.h"; sourceTree = SOURCE_ROOT; };
		B51F23641397A456003B00DF /* NSObject+EMKKVOSelectorTests.m */ = {isa = PBXFileReference; fileEncoding = 4; lastKnownFileType = sourcecode.c.objc; name = "NSObject+EMKKVOSelectorTests.m"; path = "EMKPantry.xcodeproj/NSObject+EMKKVOSelectorTests.m"; sourceTree = SOURCE_ROOT; };
		B54FAADC139D8103001BD0D2 /* EMKSectionsController+NSFetchedResultsControllerUpdate.h */ = {isa = PBXFileReference; fileEncoding = 4; lastKnownFileType = sourcecode.c.h; path = "EMKSectionsController+NSFetchedResultsControllerUpdate.h"; sourceTree = "<group>"; };
		B54FAADD139D8103001BD0D2 /* EMKSectionsController+NSFetchedResultsControllerUpdate.m */ = {isa = PBXFileReference; fileEncoding = 4; lastKnownFileType = sourcecode.c.objc; path = "EMKSectionsController+NSFetchedResultsControllerUpdate.m"; sourceTree = "<group>"; };
		B55A1188136AC54700248869 /* CoreData.framework */ = {isa = PBXFileReference; lastKnownFileType = wrapper.framework; name = CoreData.framework; path = System/Library/Frameworks/CoreData.framework; sourceTree = SDKROOT; };
		B55A118A136AC55F00248869 /* CoreData.framework */ = {isa = PBXFileReference; lastKnownFileType = wrapper.framework; name = CoreData.framework; path = System/Library/Frameworks/CoreData.framework; sourceTree = SDKROOT; };
		B56B1815135EDCF000184810 /* Tests.octest */ = {isa = PBXFileReference; explicitFileType = wrapper.cfbundle; includeInIndex = 0; path = Tests.octest; sourceTree = BUILT_PRODUCTS_DIR; };
		B56B1817135EDCF000184810 /* UIKit.framework */ = {isa = PBXFileReference; lastKnownFileType = wrapper.framework; name = UIKit.framework; path = System/Library/Frameworks/UIKit.framework; sourceTree = SDKROOT; };
		B56B1819135EDCF000184810 /* Foundation.framework */ = {isa = PBXFileReference; lastKnownFileType = wrapper.framework; name = Foundation.framework; path = System/Library/Frameworks/Foundation.framework; sourceTree = SDKROOT; };
		B56B181B135EDCF000184810 /* CoreGraphics.framework */ = {isa = PBXFileReference; lastKnownFileType = wrapper.framework; name = CoreGraphics.framework; path = System/Library/Frameworks/CoreGraphics.framework; sourceTree = SDKROOT; };
		B56B1877135EF10900184810 /* SenTestingKit.framework */ = {isa = PBXFileReference; lastKnownFileType = wrapper.framework; name = SenTestingKit.framework; path = Library/Frameworks/SenTestingKit.framework; sourceTree = DEVELOPER_DIR; };
		B58A1511138BEE1F00A9A82B /* NSObject+EMKAccessors.h */ = {isa = PBXFileReference; fileEncoding = 4; lastKnownFileType = sourcecode.c.h; lineEnding = 0; path = "NSObject+EMKAccessors.h"; sourceTree = "<group>"; xcLanguageSpecificationIdentifier = xcode.lang.objcpp; };
		B58A1512138BEE1F00A9A82B /* NSObject+EMKAccessors.m */ = {isa = PBXFileReference; fileEncoding = 4; lastKnownFileType = sourcecode.c.objc; lineEnding = 0; path = "NSObject+EMKAccessors.m"; sourceTree = "<group>"; xcLanguageSpecificationIdentifier = xcode.lang.objc; };
		B58A91AD138BD59800C7BEC3 /* libcom.electricmuffinkitchen.emkpantry.a */ = {isa = PBXFileReference; explicitFileType = archive.ar; includeInIndex = 0; path = libcom.electricmuffinkitchen.emkpantry.a; sourceTree = BUILT_PRODUCTS_DIR; };
		B58A91BB138BD5B400C7BEC3 /* libcom.electricmuffinkitchen.emkwip.a */ = {isa = PBXFileReference; explicitFileType = archive.ar; includeInIndex = 0; path = libcom.electricmuffinkitchen.emkwip.a; sourceTree = BUILT_PRODUCTS_DIR; };
		B58A91F8138BD89A00C7BEC3 /* NSManagedObject+EMKFetchRequest.h */ = {isa = PBXFileReference; fileEncoding = 4; lastKnownFileType = sourcecode.c.h; lineEnding = 0; path = "NSManagedObject+EMKFetchRequest.h"; sourceTree = "<group>"; };
		B58A91F9138BD89A00C7BEC3 /* NSManagedObject+EMKFetchRequest.m */ = {isa = PBXFileReference; fileEncoding = 4; lastKnownFileType = sourcecode.c.objc; lineEnding = 0; path = "NSManagedObject+EMKFetchRequest.m"; sourceTree = "<group>"; xcLanguageSpecificationIdentifier = xcode.lang.objc; };
		B58A91FA138BD89A00C7BEC3 /* EMKPantry.h */ = {isa = PBXFileReference; fileEncoding = 4; lastKnownFileType = sourcecode.c.h; lineEnding = 0; path = EMKPantry.h; sourceTree = "<group>"; xcLanguageSpecificationIdentifier = xcode.lang.objcpp; };
		B58A91FC138BD89A00C7BEC3 /* EMKAssociateDelegate.h */ = {isa = PBXFileReference; fileEncoding = 4; lastKnownFileType = sourcecode.c.h; lineEnding = 0; path = EMKAssociateDelegate.h; sourceTree = "<group>"; xcLanguageSpecificationIdentifier = xcode.lang.objcpp; };
		B58A91FD138BD89A00C7BEC3 /* EMKAssociateDelegate.m */ = {isa = PBXFileReference; fileEncoding = 4; lastKnownFileType = sourcecode.c.objc; lineEnding = 0; path = EMKAssociateDelegate.m; sourceTree = "<group>"; xcLanguageSpecificationIdentifier = xcode.lang.objc; };
		B58A91FE138BD89A00C7BEC3 /* EMKMutableTypedArray.h */ = {isa = PBXFileReference; fileEncoding = 4; lastKnownFileType = sourcecode.c.h; lineEnding = 0; path = EMKMutableTypedArray.h; sourceTree = "<group>"; xcLanguageSpecificationIdentifier = xcode.lang.objcpp; };
		B58A91FF138BD89A00C7BEC3 /* EMKMutableTypedArray.m */ = {isa = PBXFileReference; fileEncoding = 4; lastKnownFileType = sourcecode.c.objc; lineEnding = 0; path = EMKMutableTypedArray.m; sourceTree = "<group>"; xcLanguageSpecificationIdentifier = xcode.lang.objc; };
		B58A9200138BD89A00C7BEC3 /* EMKTypedArray.h */ = {isa = PBXFileReference; fileEncoding = 4; lastKnownFileType = sourcecode.c.h; path = EMKTypedArray.h; sourceTree = "<group>"; };
		B58A9201138BD89A00C7BEC3 /* EMKTypedArray.m */ = {isa = PBXFileReference; fileEncoding = 4; lastKnownFileType = sourcecode.c.objc; path = EMKTypedArray.m; sourceTree = "<group>"; };
		B58A9202138BD89A00C7BEC3 /* NSInvocation+EMKActionInitializer.h */ = {isa = PBXFileReference; fileEncoding = 4; lastKnownFileType = sourcecode.c.h; lineEnding = 0; path = "NSInvocation+EMKActionInitializer.h"; sourceTree = "<group>"; xcLanguageSpecificationIdentifier = xcode.lang.objcpp; };
		B58A9203138BD89A00C7BEC3 /* NSInvocation+EMKActionInitializer.m */ = {isa = PBXFileReference; fileEncoding = 4; lastKnownFileType = sourcecode.c.objc; lineEnding = 0; path = "NSInvocation+EMKActionInitializer.m"; sourceTree = "<group>"; xcLanguageSpecificationIdentifier = xcode.lang.objc; };
		B58A9204138BD89A00C7BEC3 /* NSMethodSignature+EMKMethodTypeEncoding.h */ = {isa = PBXFileReference; fileEncoding = 4; lastKnownFileType = sourcecode.c.h; lineEnding = 0; path = "NSMethodSignature+EMKMethodTypeEncoding.h"; sourceTree = "<group>"; xcLanguageSpecificationIdentifier = xcode.lang.objcpp; };
		B58A9205138BD89A00C7BEC3 /* NSMethodSignature+EMKMethodTypeEncoding.m */ = {isa = PBXFileReference; fileEncoding = 4; lastKnownFileType = sourcecode.c.objc; lineEnding = 0; path = "NSMethodSignature+EMKMethodTypeEncoding.m"; sourceTree = "<group>"; xcLanguageSpecificationIdentifier = xcode.lang.objc; };
		B58A9208138BD89A00C7BEC3 /* NSObject+EMKKVOSelector.h */ = {isa = PBXFileReference; fileEncoding = 4; lastKnownFileType = sourcecode.c.h; lineEnding = 0; path = "NSObject+EMKKVOSelector.h"; sourceTree = "<group>"; xcLanguageSpecificationIdentifier = xcode.lang.objcpp; };
		B58A9209138BD89A00C7BEC3 /* NSObject+EMKKVOSelector.m */ = {isa = PBXFileReference; fileEncoding = 4; lastKnownFileType = sourcecode.c.objc; lineEnding = 0; path = "NSObject+EMKKVOSelector.m"; sourceTree = "<group>"; xcLanguageSpecificationIdentifier = xcode.lang.objc; };
		B58A920A138BD89A00C7BEC3 /* NSOperationQueue+EMKDefaultQueue.h */ = {isa = PBXFileReference; fileEncoding = 4; lastKnownFileType = sourcecode.c.h; lineEnding = 0; path = "NSOperationQueue+EMKDefaultQueue.h"; sourceTree = "<group>"; xcLanguageSpecificationIdentifier = xcode.lang.objcpp; };
		B58A920B138BD89A00C7BEC3 /* NSOperationQueue+EMKDefaultQueue.m */ = {isa = PBXFileReference; fileEncoding = 4; lastKnownFileType = sourcecode.c.objc; lineEnding = 0; path = "NSOperationQueue+EMKDefaultQueue.m"; sourceTree = "<group>"; xcLanguageSpecificationIdentifier = xcode.lang.objc; };
		B58A920D138BD89A00C7BEC3 /* EMKTableViewCell.h */ = {isa = PBXFileReference; fileEncoding = 4; lastKnownFileType = sourcecode.c.h; path = EMKTableViewCell.h; sourceTree = "<group>"; };
		B58A920E138BD89A00C7BEC3 /* EMKTableViewCell.m */ = {isa = PBXFileReference; fileEncoding = 4; lastKnownFileType = sourcecode.c.objc; lineEnding = 0; path = EMKTableViewCell.m; sourceTree = "<group>"; xcLanguageSpecificationIdentifier = xcode.lang.objc; };
		B58A920F138BD89A00C7BEC3 /* EMKView.h */ = {isa = PBXFileReference; fileEncoding = 4; lastKnownFileType = sourcecode.c.h; path = EMKView.h; sourceTree = "<group>"; };
		B58A9210138BD89A00C7BEC3 /* EMKView.m */ = {isa = PBXFileReference; fileEncoding = 4; lastKnownFileType = sourcecode.c.objc; lineEnding = 0; path = EMKView.m; sourceTree = "<group>"; xcLanguageSpecificationIdentifier = xcode.lang.objc; };
		B58A9211138BD89A00C7BEC3 /* UIApplication+EMKNetworkActivityParticipation.h */ = {isa = PBXFileReference; fileEncoding = 4; lastKnownFileType = sourcecode.c.h; lineEnding = 0; path = "UIApplication+EMKNetworkActivityParticipation.h"; sourceTree = "<group>"; xcLanguageSpecificationIdentifier = xcode.lang.objcpp; };
		B58A9212138BD89A00C7BEC3 /* UIApplication+EMKNetworkActivityParticipation.m */ = {isa = PBXFileReference; fileEncoding = 4; lastKnownFileType = sourcecode.c.objc; lineEnding = 0; path = "UIApplication+EMKNetworkActivityParticipation.m"; sourceTree = "<group>"; xcLanguageSpecificationIdentifier = xcode.lang.objc; };
		B58A9213138BD89A00C7BEC3 /* UIButton+EMKAccessoryButton.h */ = {isa = PBXFileReference; fileEncoding = 4; lastKnownFileType = sourcecode.c.h; lineEnding = 0; path = "UIButton+EMKAccessoryButton.h"; sourceTree = "<group>"; xcLanguageSpecificationIdentifier = xcode.lang.objcpp; };
		B58A9214138BD89A00C7BEC3 /* UIButton+EMKAccessoryButton.m */ = {isa = PBXFileReference; fileEncoding = 4; lastKnownFileType = sourcecode.c.objc; lineEnding = 0; path = "UIButton+EMKAccessoryButton.m"; sourceTree = "<group>"; xcLanguageSpecificationIdentifier = xcode.lang.objc; };
		B58A9215138BD89A00C7BEC3 /* UILabel+EMKResizing.h */ = {isa = PBXFileReference; fileEncoding = 4; lastKnownFileType = sourcecode.c.h; lineEnding = 0; path = "UILabel+EMKResizing.h"; sourceTree = "<group>"; xcLanguageSpecificationIdentifier = xcode.lang.objcpp; };
		B58A9216138BD89A00C7BEC3 /* UILabel+EMKResizing.m */ = {isa = PBXFileReference; fileEncoding = 4; lastKnownFileType = sourcecode.c.objc; lineEnding = 0; path = "UILabel+EMKResizing.m"; sourceTree = "<group>"; xcLanguageSpecificationIdentifier = xcode.lang.objc; };
		B58A9217138BD89A00C7BEC3 /* UINavigationController+EMKRootViewController.h */ = {isa = PBXFileReference; fileEncoding = 4; lastKnownFileType = sourcecode.c.h; lineEnding = 0; path = "UINavigationController+EMKRootViewController.h"; sourceTree = "<group>"; xcLanguageSpecificationIdentifier = xcode.lang.objcpp; };
		B58A9218138BD89A00C7BEC3 /* UINavigationController+EMKRootViewController.m */ = {isa = PBXFileReference; fileEncoding = 4; lastKnownFileType = sourcecode.c.objc; lineEnding = 0; path = "UINavigationController+EMKRootViewController.m"; sourceTree = "<group>"; xcLanguageSpecificationIdentifier = xcode.lang.objc; };
		B58A9219138BD89A00C7BEC3 /* UIView+EMKNibLoading.h */ = {isa = PBXFileReference; fileEncoding = 4; lastKnownFileType = sourcecode.c.h; lineEnding = 0; path = "UIView+EMKNibLoading.h"; sourceTree = "<group>"; xcLanguageSpecificationIdentifier = xcode.lang.objcpp; };
		B58A921A138BD89A00C7BEC3 /* UIView+EMKNibLoading.m */ = {isa = PBXFileReference; fileEncoding = 4; lastKnownFileType = sourcecode.c.objc; lineEnding = 0; path = "UIView+EMKNibLoading.m"; sourceTree = "<group>"; xcLanguageSpecificationIdentifier = xcode.lang.objc; };
		B58A921B138BD89A00C7BEC3 /* UIView+EMKViewSearching.h */ = {isa = PBXFileReference; fileEncoding = 4; lastKnownFileType = sourcecode.c.h; lineEnding = 0; path = "UIView+EMKViewSearching.h"; sourceTree = "<group>"; xcLanguageSpecificationIdentifier = xcode.lang.objcpp; };
		B58A921C138BD89A00C7BEC3 /* UIView+EMKViewSearching.m */ = {isa = PBXFileReference; fileEncoding = 4; lastKnownFileType = sourcecode.c.objc; lineEnding = 0; path = "UIView+EMKViewSearching.m"; sourceTree = "<group>"; xcLanguageSpecificationIdentifier = xcode.lang.objc; };
		B58A921D138BD89A00C7BEC3 /* UIViewController+EMKInitializers.h */ = {isa = PBXFileReference; fileEncoding = 4; lastKnownFileType = sourcecode.c.h; lineEnding = 0; path = "UIViewController+EMKInitializers.h"; sourceTree = "<group>"; xcLanguageSpecificationIdentifier = xcode.lang.objcpp; };
		B58A921E138BD89A00C7BEC3 /* UIViewController+EMKInitializers.m */ = {isa = PBXFileReference; fileEncoding = 4; lastKnownFileType = sourcecode.c.objc; lineEnding = 0; path = "UIViewController+EMKInitializers.m"; sourceTree = "<group>"; xcLanguageSpecificationIdentifier = xcode.lang.objc; };
		B58A9245138BD8A600C7BEC3 /* EMKObjectMappingTableViewController.h */ = {isa = PBXFileReference; fileEncoding = 4; lastKnownFileType = sourcecode.c.h; path = EMKObjectMappingTableViewController.h; sourceTree = "<group>"; };
		B58A9246138BD8A600C7BEC3 /* EMKObjectMappingTableViewController.m */ = {isa = PBXFileReference; fileEncoding = 4; lastKnownFileType = sourcecode.c.objc; path = EMKObjectMappingTableViewController.m; sourceTree = "<group>"; };
		B58A9250138BD8A600C7BEC3 /* EMKStateArchiving.h */ = {isa = PBXFileReference; fileEncoding = 4; lastKnownFileType = sourcecode.c.h; lineEnding = 0; path = EMKStateArchiving.h; sourceTree = "<group>"; };
		B58A9251138BD8A600C7BEC3 /* EMKStateArchiving.m */ = {isa = PBXFileReference; fileEncoding = 4; lastKnownFileType = sourcecode.c.objc; lineEnding = 0; path = EMKStateArchiving.m; sourceTree = "<group>"; };
		B58A9252138BD8A600C7BEC3 /* EMKWebCacheController.h */ = {isa = PBXFileReference; fileEncoding = 4; lastKnownFileType = sourcecode.c.h; path = EMKWebCacheController.h; sourceTree = "<group>"; };
		B58A9253138BD8A600C7BEC3 /* EMKWebCacheController.m */ = {isa = PBXFileReference; fileEncoding = 4; lastKnownFileType = sourcecode.c.objc; path = EMKWebCacheController.m; sourceTree = "<group>"; };
		B58A9254138BD8A600C7BEC3 /* EMKWip.h */ = {isa = PBXFileReference; fileEncoding = 4; lastKnownFileType = sourcecode.c.h; lineEnding = 0; path = EMKWip.h; sourceTree = "<group>"; xcLanguageSpecificationIdentifier = xcode.lang.objcpp; };
		B58A9255138BD8A600C7BEC3 /* NSFileHandle+EMKTemporaryFile.h */ = {isa = PBXFileReference; fileEncoding = 4; lastKnownFileType = sourcecode.c.h; lineEnding = 0; path = "NSFileHandle+EMKTemporaryFile.h"; sourceTree = "<group>"; xcLanguageSpecificationIdentifier = xcode.lang.objcpp; };
		B58A9256138BD8A600C7BEC3 /* NSFileHandle+EMKTemporaryFile.m */ = {isa = PBXFileReference; fileEncoding = 4; lastKnownFileType = sourcecode.c.objc; lineEnding = 0; path = "NSFileHandle+EMKTemporaryFile.m"; sourceTree = "<group>"; xcLanguageSpecificationIdentifier = xcode.lang.objc; };
		B58A9265138BD8E200C7BEC3 /* EMKPantry_Prefix.pch */ = {isa = PBXFileReference; fileEncoding = 4; lastKnownFileType = sourcecode.c.h; name = EMKPantry_Prefix.pch; path = "EMKPantry/Demo App/EMKPantry_Prefix.pch"; sourceTree = "<group>"; };
		B58A9266138BD8E200C7BEC3 /* EMKPantry-Info.plist */ = {isa = PBXFileReference; fileEncoding = 4; lastKnownFileType = text.plist.xml; name = "EMKPantry-Info.plist"; path = "EMKPantry/Demo App/EMKPantry-Info.plist"; sourceTree = "<group>"; };
		B58A9267138BD8E200C7BEC3 /* main.m */ = {isa = PBXFileReference; fileEncoding = 4; lastKnownFileType = sourcecode.c.objc; name = main.m; path = "EMKPantry/Demo App/main.m"; sourceTree = "<group>"; };
		B58A926A138BD8F700C7BEC3 /* EMKTestView.h */ = {isa = PBXFileReference; fileEncoding = 4; lastKnownFileType = sourcecode.c.h; name = EMKTestView.h; path = "Demo App/EMKTestView.h"; sourceTree = "<group>"; };
		B58A926B138BD8F700C7BEC3 /* EMKTestView.m */ = {isa = PBXFileReference; fileEncoding = 4; lastKnownFileType = sourcecode.c.objc; name = EMKTestView.m; path = "Demo App/EMKTestView.m"; sourceTree = "<group>"; };
		B58A926C138BD8F700C7BEC3 /* EMKTestView.xib */ = {isa = PBXFileReference; fileEncoding = 4; lastKnownFileType = file.xib; name = EMKTestView.xib; path = "Demo App/EMKTestView.xib"; sourceTree = "<group>"; };
		B58A926F138BD90B00C7BEC3 /* EMKPantryAppDelegate.h */ = {isa = PBXFileReference; fileEncoding = 4; lastKnownFileType = sourcecode.c.h; name = EMKPantryAppDelegate.h; path = "Demo App/EMKPantryAppDelegate.h"; sourceTree = "<group>"; };
		B58A9270138BD90B00C7BEC3 /* EMKPantryAppDelegate.m */ = {isa = PBXFileReference; fileEncoding = 4; lastKnownFileType = sourcecode.c.objc; name = EMKPantryAppDelegate.m; path = "Demo App/EMKPantryAppDelegate.m"; sourceTree = "<group>"; };
		B58A9271138BD90B00C7BEC3 /* MainWindow.xib */ = {isa = PBXFileReference; fileEncoding = 4; lastKnownFileType = file.xib; name = MainWindow.xib; path = "Demo App/MainWindow.xib"; sourceTree = "<group>"; };
		B58A9274138BD94F00C7BEC3 /* EMKAssociateDelegateViewController.h */ = {isa = PBXFileReference; fileEncoding = 4; lastKnownFileType = sourcecode.c.h; name = EMKAssociateDelegateViewController.h; path = "Demo App/EMKAssociateDelegateViewController.h"; sourceTree = "<group>"; };
		B58A9275138BD94F00C7BEC3 /* EMKAssociateDelegateViewController.m */ = {isa = PBXFileReference; fileEncoding = 4; lastKnownFileType = sourcecode.c.objc; name = EMKAssociateDelegateViewController.m; path = "Demo App/EMKAssociateDelegateViewController.m"; sourceTree = "<group>"; };
		B58A9276138BD94F00C7BEC3 /* EMKAssociateDelegateViewController.xib */ = {isa = PBXFileReference; fileEncoding = 4; lastKnownFileType = file.xib; name = EMKAssociateDelegateViewController.xib; path = "Demo App/EMKAssociateDelegateViewController.xib"; sourceTree = "<group>"; };
		B58A9277138BD94F00C7BEC3 /* EMKOperationAndInvocationViewController.h */ = {isa = PBXFileReference; fileEncoding = 4; lastKnownFileType = sourcecode.c.h; name = EMKOperationAndInvocationViewController.h; path = "Demo App/EMKOperationAndInvocationViewController.h"; sourceTree = "<group>"; };
		B58A9278138BD94F00C7BEC3 /* EMKOperationAndInvocationViewController.m */ = {isa = PBXFileReference; fileEncoding = 4; lastKnownFileType = sourcecode.c.objc; lineEnding = 0; name = EMKOperationAndInvocationViewController.m; path = "Demo App/EMKOperationAndInvocationViewController.m"; sourceTree = "<group>"; xcLanguageSpecificationIdentifier = xcode.lang.objc; };
		B58A9279138BD94F00C7BEC3 /* EMKOperationAndInvocationViewController.xib */ = {isa = PBXFileReference; fileEncoding = 4; lastKnownFileType = file.xib; name = EMKOperationAndInvocationViewController.xib; path = "Demo App/EMKOperationAndInvocationViewController.xib"; sourceTree = "<group>"; };
		B58A927A138BD94F00C7BEC3 /* EMKRootViewController.h */ = {isa = PBXFileReference; fileEncoding = 4; lastKnownFileType = sourcecode.c.h; name = EMKRootViewController.h; path = "Demo App/EMKRootViewController.h"; sourceTree = "<group>"; };
		B58A927B138BD94F00C7BEC3 /* EMKRootViewController.m */ = {isa = PBXFileReference; fileEncoding = 4; lastKnownFileType = sourcecode.c.objc; name = EMKRootViewController.m; path = "Demo App/EMKRootViewController.m"; sourceTree = "<group>"; };
		B58A927C138BD94F00C7BEC3 /* EMKRootViewController.xib */ = {isa = PBXFileReference; fileEncoding = 4; lastKnownFileType = file.xib; name = EMKRootViewController.xib; path = "Demo App/EMKRootViewController.xib"; sourceTree = "<group>"; };
		B58A927D138BD94F00C7BEC3 /* EMKSetControllerViewController.xib */ = {isa = PBXFileReference; fileEncoding = 4; lastKnownFileType = file.xib; name = EMKSetControllerViewController.xib; path = "Demo App/EMKSetControllerViewController.xib"; sourceTree = "<group>"; };
		B58A927E138BD94F00C7BEC3 /* EMKSetControllerViewController.h */ = {isa = PBXFileReference; fileEncoding = 4; lastKnownFileType = sourcecode.c.h; name = EMKSetControllerViewController.h; path = "Demo App/EMKSetControllerViewController.h"; sourceTree = "<group>"; };
		B58A927F138BD94F00C7BEC3 /* EMKSetControllerViewController.m */ = {isa = PBXFileReference; fileEncoding = 4; lastKnownFileType = sourcecode.c.objc; lineEnding = 0; name = EMKSetControllerViewController.m; path = "Demo App/EMKSetControllerViewController.m"; sourceTree = "<group>"; xcLanguageSpecificationIdentifier = xcode.lang.objc; };
		B58A9280138BD94F00C7BEC3 /* EMKTypedArrayViewController.h */ = {isa = PBXFileReference; fileEncoding = 4; lastKnownFileType = sourcecode.c.h; name = EMKTypedArrayViewController.h; path = "Demo App/EMKTypedArrayViewController.h"; sourceTree = "<group>"; };
		B58A9281138BD94F00C7BEC3 /* EMKTypedArrayViewController.m */ = {isa = PBXFileReference; fileEncoding = 4; lastKnownFileType = sourcecode.c.objc; name = EMKTypedArrayViewController.m; path = "Demo App/EMKTypedArrayViewController.m"; sourceTree = "<group>"; };
		B58A9282138BD94F00C7BEC3 /* EMKTypedArrayViewController.xib */ = {isa = PBXFileReference; fileEncoding = 4; lastKnownFileType = file.xib; name = EMKTypedArrayViewController.xib; path = "Demo App/EMKTypedArrayViewController.xib"; sourceTree = "<group>"; };
		B58A9283138BD94F00C7BEC3 /* EMKViewViewController.h */ = {isa = PBXFileReference; fileEncoding = 4; lastKnownFileType = sourcecode.c.h; name = EMKViewViewController.h; path = "Demo App/EMKViewViewController.h"; sourceTree = "<group>"; };
		B58A9284138BD94F00C7BEC3 /* EMKViewViewController.m */ = {isa = PBXFileReference; fileEncoding = 4; lastKnownFileType = sourcecode.c.objc; name = EMKViewViewController.m; path = "Demo App/EMKViewViewController.m"; sourceTree = "<group>"; };
		B58A9285138BD94F00C7BEC3 /* EMKViewViewController.xib */ = {isa = PBXFileReference; fileEncoding = 4; lastKnownFileType = file.xib; name = EMKViewViewController.xib; path = "Demo App/EMKViewViewController.xib"; sourceTree = "<group>"; };
		B58A9292138BD97100C7BEC3 /* EMKMutableTypedArrayTest.h */ = {isa = PBXFileReference; fileEncoding = 4; lastKnownFileType = sourcecode.c.h; name = EMKMutableTypedArrayTest.h; path = Tests/EMKPantry/Foundation/EMKMutableTypedArrayTest.h; sourceTree = SOURCE_ROOT; };
		B58A9293138BD97100C7BEC3 /* EMKMutableTypedArrayTest.m */ = {isa = PBXFileReference; fileEncoding = 4; lastKnownFileType = sourcecode.c.objc; lineEnding = 0; name = EMKMutableTypedArrayTest.m; path = Tests/EMKPantry/Foundation/EMKMutableTypedArrayTest.m; sourceTree = SOURCE_ROOT; xcLanguageSpecificationIdentifier = xcode.lang.objc; };
		B58A9294138BD97100C7BEC3 /* EMKTypedArrayTest.h */ = {isa = PBXFileReference; fileEncoding = 4; lastKnownFileType = sourcecode.c.h; name = EMKTypedArrayTest.h; path = Tests/EMKPantry/Foundation/EMKTypedArrayTest.h; sourceTree = SOURCE_ROOT; };
		B58A9295138BD97100C7BEC3 /* EMKTypedArrayTest.m */ = {isa = PBXFileReference; fileEncoding = 4; lastKnownFileType = sourcecode.c.objc; name = EMKTypedArrayTest.m; path = Tests/EMKPantry/Foundation/EMKTypedArrayTest.m; sourceTree = SOURCE_ROOT; };
		B58A929E138BDA0800C7BEC3 /* EMKPantryTests-Info.plist */ = {isa = PBXFileReference; fileEncoding = 4; lastKnownFileType = text.plist.xml; name = "EMKPantryTests-Info.plist"; path = "Tests/Supporting Files/EMKPantryTests-Info.plist"; sourceTree = SOURCE_ROOT; };
		B58A929F138BDA0800C7BEC3 /* EMKPantryTests-Prefix.pch */ = {isa = PBXFileReference; fileEncoding = 4; lastKnownFileType = sourcecode.c.h; name = "EMKPantryTests-Prefix.pch"; path = "Tests/Supporting Files/EMKPantryTests-Prefix.pch"; sourceTree = SOURCE_ROOT; };
		B58A92A0138BDA0800C7BEC3 /* InfoPlist.strings */ = {isa = PBXFileReference; fileEncoding = 4; lastKnownFileType = text.plist.strings; name = InfoPlist.strings; path = "Tests/Supporting Files/InfoPlist.strings"; sourceTree = SOURCE_ROOT; };
		B597005A13BFB0CB00DBA2DC /* NSObject+EMKAccessorAsserts.h */ = {isa = PBXFileReference; fileEncoding = 4; lastKnownFileType = sourcecode.c.h; path = "NSObject+EMKAccessorAsserts.h"; sourceTree = "<group>"; };
		B597005B13BFB0CB00DBA2DC /* NSObject+EMKAccessorAsserts.m */ = {isa = PBXFileReference; fileEncoding = 4; lastKnownFileType = sourcecode.c.objc; path = "NSObject+EMKAccessorAsserts.m"; sourceTree = "<group>"; };
		B5ADEC6B139E172500E36783 /* EMKSetController.h */ = {isa = PBXFileReference; lastKnownFileType = sourcecode.c.h; path = EMKSetController.h; sourceTree = "<group>"; };
		B5ADEC6C139E172500E36783 /* EMKSetController.m */ = {isa = PBXFileReference; lastKnownFileType = sourcecode.c.objc; path = EMKSetController.m; sourceTree = "<group>"; };
		B5ADEC6D139E172500E36783 /* EMKSetControllerObjectChangeDescription.h */ = {isa = PBXFileReference; lastKnownFileType = sourcecode.c.h; path = EMKSetControllerObjectChangeDescription.h; sourceTree = "<group>"; };
		B5ADEC6E139E172500E36783 /* EMKSetControllerObjectChangeDescription.m */ = {isa = PBXFileReference; lastKnownFileType = sourcecode.c.objc; path = EMKSetControllerObjectChangeDescription.m; sourceTree = "<group>"; };
		B5ADEC6F139E172500E36783 /* EMKSetControllerSection.h */ = {isa = PBXFileReference; lastKnownFileType = sourcecode.c.h; path = EMKSetControllerSection.h; sourceTree = "<group>"; };
		B5ADEC70139E172500E36783 /* EMKSetControllerSection.m */ = {isa = PBXFileReference; lastKnownFileType = sourcecode.c.objc; path = EMKSetControllerSection.m; sourceTree = "<group>"; };
		B5ADEC71139E172500E36783 /* EMKSetControllerSectionChangeDescription.h */ = {isa = PBXFileReference; lastKnownFileType = sourcecode.c.h; path = EMKSetControllerSectionChangeDescription.h; sourceTree = "<group>"; };
		B5ADEC72139E172500E36783 /* EMKSetControllerSectionChangeDescription.m */ = {isa = PBXFileReference; lastKnownFileType = sourcecode.c.objc; path = EMKSetControllerSectionChangeDescription.m; sourceTree = "<group>"; };
		B5ADEC73139E172500E36783 /* EMKSetControllerSectionInfo.h */ = {isa = PBXFileReference; lastKnownFileType = sourcecode.c.h; path = EMKSetControllerSectionInfo.h; sourceTree = "<group>"; };
		B5ADEC78139E473400E36783 /* UILocalizedIndexedCollation+EMKSearchSectionIndexTitles.h */ = {isa = PBXFileReference; fileEncoding = 4; lastKnownFileType = sourcecode.c.h; path = "UILocalizedIndexedCollation+EMKSearchSectionIndexTitles.h"; sourceTree = "<group>"; };
		B5ADEC79139E473400E36783 /* UILocalizedIndexedCollation+EMKSearchSectionIndexTitles.m */ = {isa = PBXFileReference; fileEncoding = 4; lastKnownFileType = sourcecode.c.objc; path = "UILocalizedIndexedCollation+EMKSearchSectionIndexTitles.m"; sourceTree = "<group>"; };
		B5B51831142768AA0054FAE9 /* UIApplication+EMKApplicationDocumentsDirectory.h */ = {isa = PBXFileReference; fileEncoding = 4; lastKnownFileType = sourcecode.c.h; path = "UIApplication+EMKApplicationDocumentsDirectory.h"; sourceTree = "<group>"; };
		B5B51832142768AA0054FAE9 /* UIApplication+EMKApplicationDocumentsDirectory.m */ = {isa = PBXFileReference; fileEncoding = 4; lastKnownFileType = sourcecode.c.objc; path = "UIApplication+EMKApplicationDocumentsDirectory.m"; sourceTree = "<group>"; };
		B5DC1DC713910F730033EB6B /* navBar.png */ = {isa = PBXFileReference; lastKnownFileType = image.png; path = navBar.png; sourceTree = "<group>"; };
		B5DC1DC813910F730033EB6B /* navBar@2x.png */ = {isa = PBXFileReference; lastKnownFileType = image.png; path = "navBar@2x.png"; sourceTree = "<group>"; };
		B5DC1F051393F67B0033EB6B /* UINavigationBar+EMKBackgroundView.m */ = {isa = PBXFileReference; fileEncoding = 4; lastKnownFileType = sourcecode.c.objc; path = "UINavigationBar+EMKBackgroundView.m"; sourceTree = "<group>"; };
		B5DC1F061393F67B0033EB6B /* NSObject+EMKRuntimeProperties.m */ = {isa = PBXFileReference; fileEncoding = 4; lastKnownFileType = sourcecode.c.objc; path = "NSObject+EMKRuntimeProperties.m"; sourceTree = "<group>"; };
		B5DC1F071393F67B0033EB6B /* NSObject+EMKRuntimeProperties.h */ = {isa = PBXFileReference; fileEncoding = 4; lastKnownFileType = sourcecode.c.h; path = "NSObject+EMKRuntimeProperties.h"; sourceTree = "<group>"; };
		B5DC1F081393F67C0033EB6B /* NSObject+EMKMethodSwizzling.m */ = {isa = PBXFileReference; fileEncoding = 4; lastKnownFileType = sourcecode.c.objc; path = "NSObject+EMKMethodSwizzling.m"; sourceTree = "<group>"; };
		B5DC1F0A1393F67C0033EB6B /* UIImage+EMKTintedImage.h */ = {isa = PBXFileReference; fileEncoding = 4; lastKnownFileType = sourcecode.c.h; path = "UIImage+EMKTintedImage.h"; sourceTree = "<group>"; };
		B5DC1F0B1393F67C0033EB6B /* UIImage+EMKTintedImage.m */ = {isa = PBXFileReference; fileEncoding = 4; lastKnownFileType = sourcecode.c.objc; path = "UIImage+EMKTintedImage.m"; sourceTree = "<group>"; };
		B5DC1F0C1393F67C0033EB6B /* UINavigationBar+EMKBackgroundView.h */ = {isa = PBXFileReference; fileEncoding = 4; lastKnownFileType = sourcecode.c.h; path = "UINavigationBar+EMKBackgroundView.h"; sourceTree = "<group>"; };
		B5DC1F15139450D10033EB6B /* NSObject+EMKAccessorsTest.h */ = {isa = PBXFileReference; fileEncoding = 4; lastKnownFileType = sourcecode.c.h; name = "NSObject+EMKAccessorsTest.h"; path = "EMKPantry.xcodeproj/NSObject+EMKAccessorsTest.h"; sourceTree = SOURCE_ROOT; };
		B5DC1F16139450D20033EB6B /* NSObject+EMKAccessorsTest.m */ = {isa = PBXFileReference; fileEncoding = 4; lastKnownFileType = sourcecode.c.objc; name = "NSObject+EMKAccessorsTest.m"; path = "EMKPantry.xcodeproj/NSObject+EMKAccessorsTest.m"; sourceTree = SOURCE_ROOT; };
		B5F2D0061394EFAF00015B9E /* NSMethodSignature+EMKMethodTypeEncodingTests.h */ = {isa = PBXFileReference; fileEncoding = 4; lastKnownFileType = sourcecode.c.h; name = "NSMethodSignature+EMKMethodTypeEncodingTests.h"; path = "EMKPantry.xcodeproj/NSMethodSignature+EMKMethodTypeEncodingTests.h"; sourceTree = SOURCE_ROOT; };
		B5F2D0071394EFAF00015B9E /* NSMethodSignature+EMKMethodTypeEncodingTests.m */ = {isa = PBXFileReference; fileEncoding = 4; lastKnownFileType = sourcecode.c.objc; name = "NSMethodSignature+EMKMethodTypeEncodingTests.m"; path = "EMKPantry.xcodeproj/NSMethodSignature+EMKMethodTypeEncodingTests.m"; sourceTree = SOURCE_ROOT; };
/* End PBXFileReference section */

/* Begin PBXFrameworksBuildPhase section */
		1D60588F0D05DD3D006BFB54 /* Frameworks */ = {
			isa = PBXFrameworksBuildPhase;
			buildActionMask = 2147483647;
			files = (
				B55A1189136AC54700248869 /* CoreData.framework in Frameworks */,
				1D60589F0D05DD5A006BFB54 /* Foundation.framework in Frameworks */,
				1DF5F4E00D08C38300B7A737 /* UIKit.framework in Frameworks */,
				288765A50DF7441C002DB57D /* CoreGraphics.framework in Frameworks */,
				B58A92A3138BDC6F00C7BEC3 /* libcom.electricmuffinkitchen.emkpantry.a in Frameworks */,
				B58A92A4138BDC7300C7BEC3 /* libcom.electricmuffinkitchen.emkwip.a in Frameworks */,
			);
			runOnlyForDeploymentPostprocessing = 0;
		};
		B56B1811135EDCF000184810 /* Frameworks */ = {
			isa = PBXFrameworksBuildPhase;
			buildActionMask = 2147483647;
			files = (
				B55A118B136AC55F00248869 /* CoreData.framework in Frameworks */,
				B56B1818135EDCF000184810 /* UIKit.framework in Frameworks */,
				B56B181A135EDCF000184810 /* Foundation.framework in Frameworks */,
				B56B181C135EDCF000184810 /* CoreGraphics.framework in Frameworks */,
				B56B1878135EF10900184810 /* SenTestingKit.framework in Frameworks */,
				B5DC1F18139453650033EB6B /* libcom.electricmuffinkitchen.emkpantry.a in Frameworks */,
			);
			runOnlyForDeploymentPostprocessing = 0;
		};
		B58A91AA138BD59800C7BEC3 /* Frameworks */ = {
			isa = PBXFrameworksBuildPhase;
			buildActionMask = 2147483647;
			files = (
			);
			runOnlyForDeploymentPostprocessing = 0;
		};
		B58A91B8138BD5B400C7BEC3 /* Frameworks */ = {
			isa = PBXFrameworksBuildPhase;
			buildActionMask = 2147483647;
			files = (
			);
			runOnlyForDeploymentPostprocessing = 0;
		};
/* End PBXFrameworksBuildPhase section */

/* Begin PBXGroup section */
		080E96DDFE201D6D7F000001 /* Demo App */ = {
			isa = PBXGroup;
			children = (
				B534C3E6136B1FCA009F0A7B /* Views */,
				B5DA0F4612EC5D50005735D2 /* App Delegate */,
				B5DA0F4512EC5D40005735D2 /* View Controllers */,
				29B97315FDCFA39411CA2CEA /* Supporting Files */,
				29B97323FDCFA39411CA2CEA /* Frameworks */,
				1D6058910D05DD3D006BFB54 /* EMKPantry.app */,
			);
			name = "Demo App";
			sourceTree = SOURCE_ROOT;
		};
		29B97314FDCFA39411CA2CEA /* CustomTemplate */ = {
			isa = PBXGroup;
			children = (
				B58A91BB138BD5B400C7BEC3 /* libcom.electricmuffinkitchen.emkwip.a */,
				B58A91AD138BD59800C7BEC3 /* libcom.electricmuffinkitchen.emkpantry.a */,
				B55A1137136AC49C00248869 /* Classes */,
				080E96DDFE201D6D7F000001 /* Demo App */,
				B56B181D135EDCF000184810 /* Tests */,
			);
			name = CustomTemplate;
			sourceTree = "<group>";
		};
		29B97315FDCFA39411CA2CEA /* Supporting Files */ = {
			isa = PBXGroup;
			children = (
				B5DC1DC713910F730033EB6B /* navBar.png */,
				B5DC1DC813910F730033EB6B /* navBar@2x.png */,
				B58A9265138BD8E200C7BEC3 /* EMKPantry_Prefix.pch */,
				B58A9266138BD8E200C7BEC3 /* EMKPantry-Info.plist */,
				B58A9267138BD8E200C7BEC3 /* main.m */,
			);
			name = "Supporting Files";
			path = ..;
			sourceTree = "<group>";
		};
		29B97323FDCFA39411CA2CEA /* Frameworks */ = {
			isa = PBXGroup;
			children = (
				B55A1188136AC54700248869 /* CoreData.framework */,
				1DF5F4DF0D08C38300B7A737 /* UIKit.framework */,
				1D30AB110D05D00D00671497 /* Foundation.framework */,
				288765A40DF7441C002DB57D /* CoreGraphics.framework */,
			);
			name = Frameworks;
			path = ..;
			sourceTree = "<group>";
		};
		B51F23661397A460003B00DF /* TODO */ = {
			isa = PBXGroup;
			children = (
				B51F23591397A3BA003B00DF /* EMKAssociateDelegateTest.h */,
				B51F235A1397A3BA003B00DF /* EMKAssociateDelegateTest.m */,
				B51F23631397A456003B00DF /* NSObject+EMKKVOSelectorTests.h */,
				B51F23641397A456003B00DF /* NSObject+EMKKVOSelectorTests.m */,
			);
			name = TODO;
			sourceTree = "<group>";
		};
		B534C3E6136B1FCA009F0A7B /* Views */ = {
			isa = PBXGroup;
			children = (
				B58A926A138BD8F700C7BEC3 /* EMKTestView.h */,
				B58A926B138BD8F700C7BEC3 /* EMKTestView.m */,
				B58A926C138BD8F700C7BEC3 /* EMKTestView.xib */,
			);
			name = Views;
			sourceTree = "<group>";
		};
		B55A1137136AC49C00248869 /* Classes */ = {
			isa = PBXGroup;
			children = (
				B58A91F6138BD89A00C7BEC3 /* EMKPantry */,
				B58A9244138BD8A600C7BEC3 /* EMKWip */,
				B5ADEC6A139E172500E36783 /* Trash */,
			);
			name = Classes;
			path = ../Classes;
			sourceTree = "<group>";
		};
		B56B1816135EDCF000184810 /* Frameworks */ = {
			isa = PBXGroup;
			children = (
				B55A118A136AC55F00248869 /* CoreData.framework */,
				B56B1819135EDCF000184810 /* Foundation.framework */,
				B56B181B135EDCF000184810 /* CoreGraphics.framework */,
				B56B1817135EDCF000184810 /* UIKit.framework */,
				B56B1877135EF10900184810 /* SenTestingKit.framework */,
			);
			name = Frameworks;
			path = ..;
			sourceTree = "<group>";
		};
		B56B181D135EDCF000184810 /* Tests */ = {
			isa = PBXGroup;
			children = (
				B58A91A0138BD56E00C7BEC3 /* EMKPantry */,
				B58A91A6138BD56E00C7BEC3 /* EMKWip */,
				B56B181E135EDCF000184810 /* Supporting Files */,
				B56B1816135EDCF000184810 /* Frameworks */,
				B56B1815135EDCF000184810 /* Tests.octest */,
			);
			name = Tests;
			path = ../Tests;
			sourceTree = "<group>";
		};
		B56B181E135EDCF000184810 /* Supporting Files */ = {
			isa = PBXGroup;
			children = (
				B58A929E138BDA0800C7BEC3 /* EMKPantryTests-Info.plist */,
				B58A929F138BDA0800C7BEC3 /* EMKPantryTests-Prefix.pch */,
				B58A92A0138BDA0800C7BEC3 /* InfoPlist.strings */,
			);
			name = "Supporting Files";
			sourceTree = "<group>";
		};
		B58A91A0138BD56E00C7BEC3 /* EMKPantry */ = {
			isa = PBXGroup;
			children = (
				B58A91A1138BD56E00C7BEC3 /* Foundation */,
			);
			path = EMKPantry;
			sourceTree = "<group>";
		};
		B58A91A1138BD56E00C7BEC3 /* Foundation */ = {
			isa = PBXGroup;
			children = (
				B51F23661397A460003B00DF /* TODO */,
				B58A9292138BD97100C7BEC3 /* EMKMutableTypedArrayTest.h */,
				B58A9293138BD97100C7BEC3 /* EMKMutableTypedArrayTest.m */,
				B58A9294138BD97100C7BEC3 /* EMKTypedArrayTest.h */,
				B58A9295138BD97100C7BEC3 /* EMKTypedArrayTest.m */,
				B5DC1F15139450D10033EB6B /* NSObject+EMKAccessorsTest.h */,
				B5DC1F16139450D20033EB6B /* NSObject+EMKAccessorsTest.m */,
				B5F2D0061394EFAF00015B9E /* NSMethodSignature+EMKMethodTypeEncodingTests.h */,
				B5F2D0071394EFAF00015B9E /* NSMethodSignature+EMKMethodTypeEncodingTests.m */,
				B51F235C1397A3DF003B00DF /* NSInvocation+EMKActionInitializerTests.h */,
				B51F235D1397A3DF003B00DF /* NSInvocation+EMKActionInitializerTests.m */,
				B51F235F1397A407003B00DF /* NSOperationQueue+EMKDefaultQueueTests.h */,
				B51F23601397A407003B00DF /* NSOperationQueue+EMKDefaultQueueTests.m */,
			);
			path = Foundation;
			sourceTree = "<group>";
		};
		B58A91A6138BD56E00C7BEC3 /* EMKWip */ = {
			isa = PBXGroup;
			children = (
			);
			path = EMKWip;
			sourceTree = "<group>";
		};
		B58A91F6138BD89A00C7BEC3 /* EMKPantry */ = {
			isa = PBXGroup;
			children = (
				B58A91FA138BD89A00C7BEC3 /* EMKPantry.h */,
				B58A91F7138BD89A00C7BEC3 /* CoreData */,
				B58A91FB138BD89A00C7BEC3 /* Foundation */,
				B58A920C138BD89A00C7BEC3 /* UIKit */,
			);
			name = EMKPantry;
			path = Classes/EMKPantry;
			sourceTree = SOURCE_ROOT;
		};
		B58A91F7138BD89A00C7BEC3 /* CoreData */ = {
			isa = PBXGroup;
			children = (
				B58A91F8138BD89A00C7BEC3 /* NSManagedObject+EMKFetchRequest.h */,
				B58A91F9138BD89A00C7BEC3 /* NSManagedObject+EMKFetchRequest.m */,
			);
			path = CoreData;
			sourceTree = "<group>";
		};
		B58A91FB138BD89A00C7BEC3 /* Foundation */ = {
			isa = PBXGroup;
			children = (
				B58A91FC138BD89A00C7BEC3 /* EMKAssociateDelegate.h */,
				B58A91FD138BD89A00C7BEC3 /* EMKAssociateDelegate.m */,
				B58A91FE138BD89A00C7BEC3 /* EMKMutableTypedArray.h */,
				B58A91FF138BD89A00C7BEC3 /* EMKMutableTypedArray.m */,
				B58A9200138BD89A00C7BEC3 /* EMKTypedArray.h */,
				B58A9201138BD89A00C7BEC3 /* EMKTypedArray.m */,
				B58A9202138BD89A00C7BEC3 /* NSInvocation+EMKActionInitializer.h */,
				B58A9203138BD89A00C7BEC3 /* NSInvocation+EMKActionInitializer.m */,
				B58A9204138BD89A00C7BEC3 /* NSMethodSignature+EMKMethodTypeEncoding.h */,
				B58A9205138BD89A00C7BEC3 /* NSMethodSignature+EMKMethodTypeEncoding.m */,
				B58A1511138BEE1F00A9A82B /* NSObject+EMKAccessors.h */,
				B58A1512138BEE1F00A9A82B /* NSObject+EMKAccessors.m */,
				B58A9208138BD89A00C7BEC3 /* NSObject+EMKKVOSelector.h */,
				B58A9209138BD89A00C7BEC3 /* NSObject+EMKKVOSelector.m */,
				B58A920A138BD89A00C7BEC3 /* NSOperationQueue+EMKDefaultQueue.h */,
				B58A920B138BD89A00C7BEC3 /* NSOperationQueue+EMKDefaultQueue.m */,
			);
			path = Foundation;
			sourceTree = "<group>";
		};
		B58A920C138BD89A00C7BEC3 /* UIKit */ = {
			isa = PBXGroup;
			children = (
				B58A920D138BD89A00C7BEC3 /* EMKTableViewCell.h */,
				B5B51831142768AA0054FAE9 /* UIApplication+EMKApplicationDocumentsDirectory.h */,
				B5B51832142768AA0054FAE9 /* UIApplication+EMKApplicationDocumentsDirectory.m */,
				B58A920E138BD89A00C7BEC3 /* EMKTableViewCell.m */,
				B58A920F138BD89A00C7BEC3 /* EMKView.h */,
				B58A9210138BD89A00C7BEC3 /* EMKView.m */,
				B58A9211138BD89A00C7BEC3 /* UIApplication+EMKNetworkActivityParticipation.h */,
				B58A9212138BD89A00C7BEC3 /* UIApplication+EMKNetworkActivityParticipation.m */,
				B58A9213138BD89A00C7BEC3 /* UIButton+EMKAccessoryButton.h */,
				B58A9214138BD89A00C7BEC3 /* UIButton+EMKAccessoryButton.m */,
				B58A9215138BD89A00C7BEC3 /* UILabel+EMKResizing.h */,
				B58A9216138BD89A00C7BEC3 /* UILabel+EMKResizing.m */,
				B58A9217138BD89A00C7BEC3 /* UINavigationController+EMKRootViewController.h */,
				B58A9218138BD89A00C7BEC3 /* UINavigationController+EMKRootViewController.m */,
				B58A9219138BD89A00C7BEC3 /* UIView+EMKNibLoading.h */,
				B58A921A138BD89A00C7BEC3 /* UIView+EMKNibLoading.m */,
				B58A921B138BD89A00C7BEC3 /* UIView+EMKViewSearching.h */,
				B58A921C138BD89A00C7BEC3 /* UIView+EMKViewSearching.m */,
				B58A921D138BD89A00C7BEC3 /* UIViewController+EMKInitializers.h */,
				B58A921E138BD89A00C7BEC3 /* UIViewController+EMKInitializers.m */,
			);
			path = UIKit;
			sourceTree = "<group>";
		};
		B58A9244138BD8A600C7BEC3 /* EMKWip */ = {
			isa = PBXGroup;
			children = (
				B58A9254138BD8A600C7BEC3 /* EMKWip.h */,
				B5DC1F1A139454DF0033EB6B /* Foundation */,
				B5DC1F1B139454FF0033EB6B /* UIKit */,
			);
			name = EMKWip;
			path = Classes/EMKWip;
			sourceTree = SOURCE_ROOT;
		};
		B5ADEC6A139E172500E36783 /* Trash */ = {
			isa = PBXGroup;
			children = (
				B5ADEC6B139E172500E36783 /* EMKSetController.h */,
				B5ADEC6C139E172500E36783 /* EMKSetController.m */,
				B5ADEC6D139E172500E36783 /* EMKSetControllerObjectChangeDescription.h */,
				B5ADEC6E139E172500E36783 /* EMKSetControllerObjectChangeDescription.m */,
				B5ADEC6F139E172500E36783 /* EMKSetControllerSection.h */,
				B5ADEC70139E172500E36783 /* EMKSetControllerSection.m */,
				B5ADEC71139E172500E36783 /* EMKSetControllerSectionChangeDescription.h */,
				B5ADEC72139E172500E36783 /* EMKSetControllerSectionChangeDescription.m */,
				B5ADEC73139E172500E36783 /* EMKSetControllerSectionInfo.h */,
			);
			name = Trash;
			path = ../EMKPantry/Classes/Trash;
			sourceTree = "<group>";
		};
		B5DA0F4512EC5D40005735D2 /* View Controllers */ = {
			isa = PBXGroup;
			children = (
				B58A9274138BD94F00C7BEC3 /* EMKAssociateDelegateViewController.h */,
				B58A9275138BD94F00C7BEC3 /* EMKAssociateDelegateViewController.m */,
				B58A9276138BD94F00C7BEC3 /* EMKAssociateDelegateViewController.xib */,
				B58A9277138BD94F00C7BEC3 /* EMKOperationAndInvocationViewController.h */,
				B58A9278138BD94F00C7BEC3 /* EMKOperationAndInvocationViewController.m */,
				B58A9279138BD94F00C7BEC3 /* EMKOperationAndInvocationViewController.xib */,
				B58A927A138BD94F00C7BEC3 /* EMKRootViewController.h */,
				B58A927B138BD94F00C7BEC3 /* EMKRootViewController.m */,
				B58A927C138BD94F00C7BEC3 /* EMKRootViewController.xib */,
				B58A927D138BD94F00C7BEC3 /* EMKSetControllerViewController.xib */,
				B58A927E138BD94F00C7BEC3 /* EMKSetControllerViewController.h */,
				B58A927F138BD94F00C7BEC3 /* EMKSetControllerViewController.m */,
				B58A9280138BD94F00C7BEC3 /* EMKTypedArrayViewController.h */,
				B58A9281138BD94F00C7BEC3 /* EMKTypedArrayViewController.m */,
				B58A9282138BD94F00C7BEC3 /* EMKTypedArrayViewController.xib */,
				B58A9283138BD94F00C7BEC3 /* EMKViewViewController.h */,
				B58A9284138BD94F00C7BEC3 /* EMKViewViewController.m */,
				B58A9285138BD94F00C7BEC3 /* EMKViewViewController.xib */,
			);
			name = "View Controllers";
			sourceTree = SOURCE_ROOT;
		};
		B5DA0F4612EC5D50005735D2 /* App Delegate */ = {
			isa = PBXGroup;
			children = (
				B58A926F138BD90B00C7BEC3 /* EMKPantryAppDelegate.h */,
				B58A9270138BD90B00C7BEC3 /* EMKPantryAppDelegate.m */,
				B58A9271138BD90B00C7BEC3 /* MainWindow.xib */,
			);
			name = "App Delegate";
			sourceTree = SOURCE_ROOT;
		};
		B5DC1F1A139454DF0033EB6B /* Foundation */ = {
			isa = PBXGroup;
			children = (
				B58A9252138BD8A600C7BEC3 /* EMKWebCacheController.h */,
				B58A9253138BD8A600C7BEC3 /* EMKWebCacheController.m */,
				B58A9255138BD8A600C7BEC3 /* NSFileHandle+EMKTemporaryFile.h */,
				B58A9256138BD8A600C7BEC3 /* NSFileHandle+EMKTemporaryFile.m */,
				B5DC1F071393F67B0033EB6B /* NSObject+EMKRuntimeProperties.h */,
				B5DC1F061393F67B0033EB6B /* NSObject+EMKRuntimeProperties.m */,
				B51F2357139786E1003B00DF /* NSObject+EMKMethodSwizzling.h */,
				B5DC1F081393F67C0033EB6B /* NSObject+EMKMethodSwizzling.m */,
				B597005A13BFB0CB00DBA2DC /* NSObject+EMKAccessorAsserts.h */,
				B597005B13BFB0CB00DBA2DC /* NSObject+EMKAccessorAsserts.m */,
			);
			name = Foundation;
			sourceTree = "<group>";
		};
		B5DC1F1B139454FF0033EB6B /* UIKit */ = {
			isa = PBXGroup;
			children = (
				B5015898139D6B7800292508 /* EMKSectionsController.h */,
				B5015899139D6B7800292508 /* EMKSectionsController.m */,
				B54FAADC139D8103001BD0D2 /* EMKSectionsController+NSFetchedResultsControllerUpdate.h */,
				B54FAADD139D8103001BD0D2 /* EMKSectionsController+NSFetchedResultsControllerUpdate.m */,
				B58A9245138BD8A600C7BEC3 /* EMKObjectMappingTableViewController.h */,
				B58A9246138BD8A600C7BEC3 /* EMKObjectMappingTableViewController.m */,
				B58A9250138BD8A600C7BEC3 /* EMKStateArchiving.h */,
				B58A9251138BD8A600C7BEC3 /* EMKStateArchiving.m */,
				B5DC1F051393F67B0033EB6B /* UINavigationBar+EMKBackgroundView.m */,
				B5DC1F0C1393F67C0033EB6B /* UINavigationBar+EMKBackgroundView.h */,
				B5DC1F0A1393F67C0033EB6B /* UIImage+EMKTintedImage.h */,
				B5DC1F0B1393F67C0033EB6B /* UIImage+EMKTintedImage.m */,
				B5ADEC78139E473400E36783 /* UILocalizedIndexedCollation+EMKSearchSectionIndexTitles.h */,
				B5ADEC79139E473400E36783 /* UILocalizedIndexedCollation+EMKSearchSectionIndexTitles.m */,
			);
			name = UIKit;
			sourceTree = "<group>";
		};
/* End PBXGroup section */

/* Begin PBXHeadersBuildPhase section */
		B58A91AB138BD59800C7BEC3 /* Headers */ = {
			isa = PBXHeadersBuildPhase;
			buildActionMask = 2147483647;
			files = (
				B58A921F138BD89A00C7BEC3 /* NSManagedObject+EMKFetchRequest.h in Headers */,
				B58A9221138BD89A00C7BEC3 /* EMKPantry.h in Headers */,
				B58A9222138BD89A00C7BEC3 /* EMKAssociateDelegate.h in Headers */,
				B58A9224138BD89A00C7BEC3 /* EMKMutableTypedArray.h in Headers */,
				B58A9226138BD89A00C7BEC3 /* EMKTypedArray.h in Headers */,
				B58A9228138BD89A00C7BEC3 /* NSInvocation+EMKActionInitializer.h in Headers */,
				B58A922A138BD89A00C7BEC3 /* NSMethodSignature+EMKMethodTypeEncoding.h in Headers */,
				B58A922E138BD89A00C7BEC3 /* NSObject+EMKKVOSelector.h in Headers */,
				B58A9230138BD89A00C7BEC3 /* NSOperationQueue+EMKDefaultQueue.h in Headers */,
				B58A9232138BD89A00C7BEC3 /* EMKTableViewCell.h in Headers */,
				B58A9234138BD89A00C7BEC3 /* EMKView.h in Headers */,
				B58A9236138BD89A00C7BEC3 /* UIApplication+EMKNetworkActivityParticipation.h in Headers */,
				B58A9238138BD89A00C7BEC3 /* UIButton+EMKAccessoryButton.h in Headers */,
				B58A923A138BD89A00C7BEC3 /* UILabel+EMKResizing.h in Headers */,
				B58A923C138BD89A00C7BEC3 /* UINavigationController+EMKRootViewController.h in Headers */,
				B58A923E138BD89A00C7BEC3 /* UIView+EMKNibLoading.h in Headers */,
				B58A9240138BD89A00C7BEC3 /* UIView+EMKViewSearching.h in Headers */,
				B58A9242138BD89A00C7BEC3 /* UIViewController+EMKInitializers.h in Headers */,
				B58A1513138BEE1F00A9A82B /* NSObject+EMKAccessors.h in Headers */,
				B5DC1F0F1393F67C0033EB6B /* NSObject+EMKRuntimeProperties.h in Headers */,
				B5DC1F121393F67C0033EB6B /* UIImage+EMKTintedImage.h in Headers */,
				B5DC1F141393F67C0033EB6B /* UINavigationBar+EMKBackgroundView.h in Headers */,
				B5B51833142768AA0054FAE9 /* UIApplication+EMKApplicationDocumentsDirectory.h in Headers */,
			);
			runOnlyForDeploymentPostprocessing = 0;
		};
		B58A91B9138BD5B400C7BEC3 /* Headers */ = {
			isa = PBXHeadersBuildPhase;
			buildActionMask = 2147483647;
			files = (
				B51F2358139786E1003B00DF /* NSObject+EMKMethodSwizzling.h in Headers */,
				B501589A139D6B7800292508 /* EMKSectionsController.h in Headers */,
				B54FAADE139D8103001BD0D2 /* EMKSectionsController+NSFetchedResultsControllerUpdate.h in Headers */,
				B5ADEC7A139E473500E36783 /* UILocalizedIndexedCollation+EMKSearchSectionIndexTitles.h in Headers */,
			);
			runOnlyForDeploymentPostprocessing = 0;
		};
/* End PBXHeadersBuildPhase section */

/* Begin PBXNativeTarget section */
		1D6058900D05DD3D006BFB54 /* Demo App */ = {
			isa = PBXNativeTarget;
			buildConfigurationList = 1D6058960D05DD3E006BFB54 /* Build configuration list for PBXNativeTarget "Demo App" */;
			buildPhases = (
				1D60588D0D05DD3D006BFB54 /* Resources */,
				1D60588E0D05DD3D006BFB54 /* Sources */,
				1D60588F0D05DD3D006BFB54 /* Frameworks */,
			);
			buildRules = (
			);
			dependencies = (
			);
			name = "Demo App";
			productName = EMKPantry;
			productReference = 1D6058910D05DD3D006BFB54 /* EMKPantry.app */;
			productType = "com.apple.product-type.application";
		};
		B56B1814135EDCF000184810 /* Tests */ = {
			isa = PBXNativeTarget;
			buildConfigurationList = B56B1828135EDCF000184810 /* Build configuration list for PBXNativeTarget "Tests" */;
			buildPhases = (
				B56B1810135EDCF000184810 /* Sources */,
				B56B1811135EDCF000184810 /* Frameworks */,
				B56B1812135EDCF000184810 /* Resources */,
				B56B1813135EDCF000184810 /* ShellScript */,
			);
			buildRules = (
			);
			dependencies = (
			);
			name = Tests;
			productName = EMKPantryTests;
			productReference = B56B1815135EDCF000184810 /* Tests.octest */;
			productType = "com.apple.product-type.bundle";
		};
		B58A91AC138BD59800C7BEC3 /* com.electricmuffinkitchen.emkpantry */ = {
			isa = PBXNativeTarget;
			buildConfigurationList = B58A91B4138BD59800C7BEC3 /* Build configuration list for PBXNativeTarget "com.electricmuffinkitchen.emkpantry" */;
			buildPhases = (
				B58A91A9138BD59800C7BEC3 /* Sources */,
				B58A91AA138BD59800C7BEC3 /* Frameworks */,
				B58A91AB138BD59800C7BEC3 /* Headers */,
			);
			buildRules = (
			);
			dependencies = (
			);
			name = com.electricmuffinkitchen.emkpantry;
			productName = com.electricmuffinkitchen.emkpantry;
			productReference = B58A91AD138BD59800C7BEC3 /* libcom.electricmuffinkitchen.emkpantry.a */;
			productType = "com.apple.product-type.library.static";
		};
		B58A91BA138BD5B400C7BEC3 /* com.electricmuffinkitchen.emkwip */ = {
			isa = PBXNativeTarget;
			buildConfigurationList = B58A91C0138BD5B500C7BEC3 /* Build configuration list for PBXNativeTarget "com.electricmuffinkitchen.emkwip" */;
			buildPhases = (
				B58A91B7138BD5B400C7BEC3 /* Sources */,
				B58A91B8138BD5B400C7BEC3 /* Frameworks */,
				B58A91B9138BD5B400C7BEC3 /* Headers */,
			);
			buildRules = (
			);
			dependencies = (
			);
			name = com.electricmuffinkitchen.emkwip;
			productName = com.electricmuffinkitchen.emkwip;
			productReference = B58A91BB138BD5B400C7BEC3 /* libcom.electricmuffinkitchen.emkwip.a */;
			productType = "com.apple.product-type.library.static";
		};
/* End PBXNativeTarget section */

/* Begin PBXProject section */
		29B97313FDCFA39411CA2CEA /* Project object */ = {
			isa = PBXProject;
			attributes = {
				ORGANIZATIONNAME = "Benedict Cohen";
			};
			buildConfigurationList = C01FCF4E08A954540054247B /* Build configuration list for PBXProject "EMKPantry" */;
			compatibilityVersion = "Xcode 3.1";
			developmentRegion = English;
			hasScannedForEncodings = 1;
			knownRegions = (
				English,
				Japanese,
				French,
				German,
				en,
			);
			mainGroup = 29B97314FDCFA39411CA2CEA /* CustomTemplate */;
			productRefGroup = 29B97314FDCFA39411CA2CEA /* CustomTemplate */;
			projectDirPath = "";
			projectRoot = "";
			targets = (
				B58A91AC138BD59800C7BEC3 /* com.electricmuffinkitchen.emkpantry */,
				B58A91BA138BD5B400C7BEC3 /* com.electricmuffinkitchen.emkwip */,
				B56B1814135EDCF000184810 /* Tests */,
				1D6058900D05DD3D006BFB54 /* Demo App */,
			);
		};
/* End PBXProject section */

/* Begin PBXResourcesBuildPhase section */
		1D60588D0D05DD3D006BFB54 /* Resources */ = {
			isa = PBXResourcesBuildPhase;
			buildActionMask = 2147483647;
			files = (
				B58A9268138BD8E200C7BEC3 /* EMKPantry-Info.plist in Resources */,
				B58A926E138BD8F700C7BEC3 /* EMKTestView.xib in Resources */,
				B58A9273138BD90B00C7BEC3 /* MainWindow.xib in Resources */,
				B58A9287138BD94F00C7BEC3 /* EMKAssociateDelegateViewController.xib in Resources */,
				B58A9289138BD94F00C7BEC3 /* EMKOperationAndInvocationViewController.xib in Resources */,
				B58A928B138BD94F00C7BEC3 /* EMKRootViewController.xib in Resources */,
				B58A928C138BD94F00C7BEC3 /* EMKSetControllerViewController.xib in Resources */,
				B58A928F138BD94F00C7BEC3 /* EMKTypedArrayViewController.xib in Resources */,
				B58A9291138BD94F00C7BEC3 /* EMKViewViewController.xib in Resources */,
				B5DC1DC913910F730033EB6B /* navBar.png in Resources */,
				B5DC1DCA13910F730033EB6B /* navBar@2x.png in Resources */,
			);
			runOnlyForDeploymentPostprocessing = 0;
		};
		B56B1812135EDCF000184810 /* Resources */ = {
			isa = PBXResourcesBuildPhase;
			buildActionMask = 2147483647;
			files = (
				B58A92A2138BDA0800C7BEC3 /* InfoPlist.strings in Resources */,
			);
			runOnlyForDeploymentPostprocessing = 0;
		};
/* End PBXResourcesBuildPhase section */

/* Begin PBXShellScriptBuildPhase section */
		B56B1813135EDCF000184810 /* ShellScript */ = {
			isa = PBXShellScriptBuildPhase;
			buildActionMask = 2147483647;
			files = (
			);
			inputPaths = (
			);
			outputPaths = (
			);
			runOnlyForDeploymentPostprocessing = 0;
			shellPath = /bin/sh;
			shellScript = "# Run the unit tests in this test bundle.\n\"${SYSTEM_DEVELOPER_DIR}/Tools/RunUnitTests\"\n";
		};
/* End PBXShellScriptBuildPhase section */

/* Begin PBXSourcesBuildPhase section */
		1D60588E0D05DD3D006BFB54 /* Sources */ = {
			isa = PBXSourcesBuildPhase;
			buildActionMask = 2147483647;
			files = (
				B58A9269138BD8E200C7BEC3 /* main.m in Sources */,
				B58A926D138BD8F700C7BEC3 /* EMKTestView.m in Sources */,
				B58A9272138BD90B00C7BEC3 /* EMKPantryAppDelegate.m in Sources */,
				B58A9286138BD94F00C7BEC3 /* EMKAssociateDelegateViewController.m in Sources */,
				B58A9288138BD94F00C7BEC3 /* EMKOperationAndInvocationViewController.m in Sources */,
				B58A928A138BD94F00C7BEC3 /* EMKRootViewController.m in Sources */,
				B58A928D138BD94F00C7BEC3 /* EMKSetControllerViewController.m in Sources */,
				B58A928E138BD94F00C7BEC3 /* EMKTypedArrayViewController.m in Sources */,
				B58A9290138BD94F00C7BEC3 /* EMKViewViewController.m in Sources */,
				B597005C13BFB0CB00DBA2DC /* NSObject+EMKAccessorAsserts.m in Sources */,
			);
			runOnlyForDeploymentPostprocessing = 0;
		};
		B56B1810135EDCF000184810 /* Sources */ = {
			isa = PBXSourcesBuildPhase;
			buildActionMask = 2147483647;
			files = (
				B58A9296138BD97100C7BEC3 /* EMKMutableTypedArrayTest.m in Sources */,
				B58A9297138BD97100C7BEC3 /* EMKTypedArrayTest.m in Sources */,
				B5DC1F17139450D20033EB6B /* NSObject+EMKAccessorsTest.m in Sources */,
				B5F2D0081394EFAF00015B9E /* NSMethodSignature+EMKMethodTypeEncodingTests.m in Sources */,
				B51F235B1397A3BA003B00DF /* EMKAssociateDelegateTest.m in Sources */,
				B51F235E1397A3DF003B00DF /* NSInvocation+EMKActionInitializerTests.m in Sources */,
				B51F23621397A412003B00DF /* NSOperationQueue+EMKDefaultQueueTests.m in Sources */,
				B51F23651397A456003B00DF /* NSObject+EMKKVOSelectorTests.m in Sources */,
			);
			runOnlyForDeploymentPostprocessing = 0;
		};
		B58A91A9138BD59800C7BEC3 /* Sources */ = {
			isa = PBXSourcesBuildPhase;
			buildActionMask = 2147483647;
			files = (
				B58C2762138BE95500BCC18B /* NSManagedObject+EMKFetchRequest.m in Sources */,
				B58C2763138BE95500BCC18B /* EMKAssociateDelegate.m in Sources */,
				B58C2764138BE95500BCC18B /* EMKMutableTypedArray.m in Sources */,
				B58C2765138BE95500BCC18B /* EMKTypedArray.m in Sources */,
				B58C2766138BE95500BCC18B /* NSInvocation+EMKActionInitializer.m in Sources */,
				B58C2767138BE95500BCC18B /* NSMethodSignature+EMKMethodTypeEncoding.m in Sources */,
				B58C2769138BE95500BCC18B /* NSObject+EMKKVOSelector.m in Sources */,
				B58C276A138BE95500BCC18B /* NSOperationQueue+EMKDefaultQueue.m in Sources */,
				B58C276B138BE95500BCC18B /* EMKTableViewCell.m in Sources */,
				B58C276C138BE95500BCC18B /* EMKView.m in Sources */,
				B58C276D138BE95500BCC18B /* UIApplication+EMKNetworkActivityParticipation.m in Sources */,
				B58C276E138BE95500BCC18B /* UIButton+EMKAccessoryButton.m in Sources */,
				B58C276F138BE95500BCC18B /* UILabel+EMKResizing.m in Sources */,
				B58C2770138BE95500BCC18B /* UINavigationController+EMKRootViewController.m in Sources */,
				B58C2771138BE95500BCC18B /* UIView+EMKNibLoading.m in Sources */,
				B58C2772138BE95500BCC18B /* UIView+EMKViewSearching.m in Sources */,
				B58C2773138BE95500BCC18B /* UIViewController+EMKInitializers.m in Sources */,
				B58A1515138BEE9F00A9A82B /* NSObject+EMKAccessors.m in Sources */,
				B5DC1F0D1393F67C0033EB6B /* UINavigationBar+EMKBackgroundView.m in Sources */,
				B5DC1F0E1393F67C0033EB6B /* NSObject+EMKRuntimeProperties.m in Sources */,
				B5DC1F101393F67C0033EB6B /* NSObject+EMKMethodSwizzling.m in Sources */,
				B5DC1F131393F67C0033EB6B /* UIImage+EMKTintedImage.m in Sources */,
				B5B51834142768AA0054FAE9 /* UIApplication+EMKApplicationDocumentsDirectory.m in Sources */,
			);
			runOnlyForDeploymentPostprocessing = 0;
		};
		B58A91B7138BD5B400C7BEC3 /* Sources */ = {
			isa = PBXSourcesBuildPhase;
			buildActionMask = 2147483647;
			files = (
				B58C275A138BE8DE00BCC18B /* EMKWebCacheController.m in Sources */,
				B58C275B138BE8E300BCC18B /* NSFileHandle+EMKTemporaryFile.m in Sources */,
				B58C275C138BE8F000BCC18B /* EMKObjectMappingTableViewController.m in Sources */,
				B58C2761138BE8F000BCC18B /* EMKStateArchiving.m in Sources */,
				B501589B139D6B7800292508 /* EMKSectionsController.m in Sources */,
				B54FAADF139D8103001BD0D2 /* EMKSectionsController+NSFetchedResultsControllerUpdate.m in Sources */,
				B5ADEC7B139E473500E36783 /* UILocalizedIndexedCollation+EMKSearchSectionIndexTitles.m in Sources */,
			);
			runOnlyForDeploymentPostprocessing = 0;
		};
/* End PBXSourcesBuildPhase section */

/* Begin XCBuildConfiguration section */
		1D6058940D05DD3E006BFB54 /* Debug */ = {
			isa = XCBuildConfiguration;
			buildSettings = {
				ALWAYS_SEARCH_USER_PATHS = NO;
				COPY_PHASE_STRIP = NO;
				GCC_DYNAMIC_NO_PIC = NO;
				GCC_OPTIMIZATION_LEVEL = 0;
				GCC_PRECOMPILE_PREFIX_HEADER = YES;
				GCC_PREFIX_HEADER = "./Demo App/EMKPantry_Prefix.pch";
				HEADER_SEARCH_PATHS = "../Classes/**";
				INFOPLIST_FILE = "./Demo App/EMKPantry-Info.plist";
				OTHER_LDFLAGS = "-all_load";
				PRODUCT_NAME = EMKPantry;
				SDKROOT = iphoneos;
			};
			name = Debug;
		};
		1D6058950D05DD3E006BFB54 /* Release */ = {
			isa = XCBuildConfiguration;
			buildSettings = {
				ALWAYS_SEARCH_USER_PATHS = NO;
				COPY_PHASE_STRIP = YES;
				GCC_PRECOMPILE_PREFIX_HEADER = YES;
				GCC_PREFIX_HEADER = "./Demo App/EMKPantry_Prefix.pch";
				HEADER_SEARCH_PATHS = "../Classes/**";
				INFOPLIST_FILE = "./Demo App/EMKPantry-Info.plist";
				OTHER_LDFLAGS = "-all_load";
				PRODUCT_NAME = EMKPantry;
				SDKROOT = iphoneos;
				VALIDATE_PRODUCT = YES;
			};
			name = Release;
		};
		B56B1829135EDCF000184810 /* Debug */ = {
			isa = XCBuildConfiguration;
			buildSettings = {
				ALWAYS_SEARCH_USER_PATHS = NO;
				FRAMEWORK_SEARCH_PATHS = (
					"$(inherited)",
					"\"$(DEVELOPER_FRAMEWORKS_DIR)\"",
				);
				GCC_C_LANGUAGE_STANDARD = gnu99;
				GCC_OPTIMIZATION_LEVEL = 0;
				GCC_PRECOMPILE_PREFIX_HEADER = YES;
				GCC_PREFIX_HEADER = "Tests/Supporting Files/EMKPantryTests-Prefix.pch";
				GCC_PREPROCESSOR_DEFINITIONS = DEBUG;
				GCC_SYMBOLS_PRIVATE_EXTERN = NO;
				INFOPLIST_FILE = "Tests/Supporting Files/EMKPantryTests-Info.plist";
				IPHONEOS_DEPLOYMENT_TARGET = 4.3;
				OTHER_LDFLAGS = (
					"-framework",
					SenTestingKit,
					"-all_load",
				);
				PRODUCT_NAME = "$(TARGET_NAME)";
				WRAPPER_EXTENSION = octest;
			};
			name = Debug;
		};
		B56B182A135EDCF000184810 /* Release */ = {
			isa = XCBuildConfiguration;
			buildSettings = {
				ALWAYS_SEARCH_USER_PATHS = NO;
				FRAMEWORK_SEARCH_PATHS = (
					"$(inherited)",
					"\"$(DEVELOPER_FRAMEWORKS_DIR)\"",
				);
				GCC_C_LANGUAGE_STANDARD = gnu99;
				GCC_PRECOMPILE_PREFIX_HEADER = YES;
				GCC_PREFIX_HEADER = "Tests/Supporting Files/EMKPantryTests-Prefix.pch";
				GCC_VERSION = com.apple.compilers.llvmgcc42;
				INFOPLIST_FILE = "Tests/Supporting Files/EMKPantryTests-Info.plist";
				IPHONEOS_DEPLOYMENT_TARGET = 4.3;
				OTHER_LDFLAGS = (
					"-framework",
					SenTestingKit,
					"-all_load",
				);
				PRODUCT_NAME = "$(TARGET_NAME)";
				SDKROOT = iphoneos;
				WRAPPER_EXTENSION = octest;
			};
			name = Release;
		};
		B58A91B5138BD59800C7BEC3 /* Debug */ = {
			isa = XCBuildConfiguration;
			buildSettings = {
				ALWAYS_SEARCH_USER_PATHS = NO;
				DSTROOT = /tmp/com_electricmuffinkitchen_emkpantry.dst;
				GCC_C_LANGUAGE_STANDARD = gnu99;
				GCC_OPTIMIZATION_LEVEL = 0;
				GCC_PRECOMPILE_PREFIX_HEADER = YES;
				GCC_PREFIX_HEADER = ./Classes/EMKPantry/EMKPantry.h;
				GCC_PREPROCESSOR_DEFINITIONS = DEBUG;
				GCC_SYMBOLS_PRIVATE_EXTERN = NO;
				IPHONEOS_DEPLOYMENT_TARGET = 4.3;
				OTHER_LDFLAGS = "-ObjC";
				PRODUCT_NAME = "$(TARGET_NAME)";
			};
			name = Debug;
		};
		B58A91B6138BD59800C7BEC3 /* Release */ = {
			isa = XCBuildConfiguration;
			buildSettings = {
				ALWAYS_SEARCH_USER_PATHS = NO;
				DSTROOT = /tmp/com_electricmuffinkitchen_emkpantry.dst;
				GCC_C_LANGUAGE_STANDARD = gnu99;
				GCC_PRECOMPILE_PREFIX_HEADER = YES;
				GCC_PREFIX_HEADER = ./Classes/EMKPantry/EMKPantry.h;
				GCC_VERSION = com.apple.compilers.llvmgcc42;
				IPHONEOS_DEPLOYMENT_TARGET = 4.3;
				OTHER_LDFLAGS = "-ObjC";
				PRODUCT_NAME = "$(TARGET_NAME)";
				SDKROOT = iphoneos;
			};
			name = Release;
		};
		B58A91C1138BD5B500C7BEC3 /* Debug */ = {
			isa = XCBuildConfiguration;
			buildSettings = {
				ALWAYS_SEARCH_USER_PATHS = NO;
				DSTROOT = /tmp/com_electricmuffinkitchen_emkwip.dst;
				GCC_C_LANGUAGE_STANDARD = gnu99;
				GCC_OPTIMIZATION_LEVEL = 0;
				GCC_PRECOMPILE_PREFIX_HEADER = YES;
				GCC_PREFIX_HEADER = ./Classes/EMKWip/EMKWip.h;
				GCC_PREPROCESSOR_DEFINITIONS = DEBUG;
				GCC_SYMBOLS_PRIVATE_EXTERN = NO;
				IPHONEOS_DEPLOYMENT_TARGET = 4.3;
				OTHER_LDFLAGS = "-ObjC";
				PRODUCT_NAME = "$(TARGET_NAME)";
			};
			name = Debug;
		};
		B58A91C2138BD5B500C7BEC3 /* Release */ = {
			isa = XCBuildConfiguration;
			buildSettings = {
				ALWAYS_SEARCH_USER_PATHS = NO;
				DSTROOT = /tmp/com_electricmuffinkitchen_emkwip.dst;
				GCC_C_LANGUAGE_STANDARD = gnu99;
				GCC_PRECOMPILE_PREFIX_HEADER = YES;
				GCC_PREFIX_HEADER = ./Classes/EMKWip/EMKWip.h;
				GCC_VERSION = com.apple.compilers.llvmgcc42;
				IPHONEOS_DEPLOYMENT_TARGET = 4.3;
				OTHER_LDFLAGS = "-ObjC";
				PRODUCT_NAME = "$(TARGET_NAME)";
				SDKROOT = iphoneos;
			};
			name = Release;
		};
		C01FCF4F08A954540054247B /* Debug */ = {
			isa = XCBuildConfiguration;
			buildSettings = {
				ARCHS = "$(ARCHS_STANDARD_32_BIT)";
				"CODE_SIGN_IDENTITY[sdk=iphoneos*]" = "iPhone Developer";
				GCC_C_LANGUAGE_STANDARD = c99;
				GCC_VERSION = com.apple.compilers.llvmgcc42;
				GCC_WARN_ABOUT_RETURN_TYPE = YES;
				GCC_WARN_UNUSED_VARIABLE = YES;
				IPHONEOS_DEPLOYMENT_TARGET = 3.1.3;
				PREBINDING = NO;
				SDKROOT = iphoneos;
			};
			name = Debug;
		};
		C01FCF5008A954540054247B /* Release */ = {
			isa = XCBuildConfiguration;
			buildSettings = {
				ARCHS = "$(ARCHS_STANDARD_32_BIT)";
				"CODE_SIGN_IDENTITY[sdk=iphoneos*]" = "iPhone Developer";
				GCC_C_LANGUAGE_STANDARD = c99;
				GCC_WARN_ABOUT_RETURN_TYPE = YES;
				GCC_WARN_UNUSED_VARIABLE = YES;
				IPHONEOS_DEPLOYMENT_TARGET = 3.1.3;
				OTHER_CFLAGS = "-DNS_BLOCK_ASSERTIONS=1";
				PREBINDING = NO;
				SDKROOT = iphoneos4.1;
			};
			name = Release;
		};
/* End XCBuildConfiguration section */

/* Begin XCConfigurationList section */
		1D6058960D05DD3E006BFB54 /* Build configuration list for PBXNativeTarget "Demo App" */ = {
			isa = XCConfigurationList;
			buildConfigurations = (
				1D6058940D05DD3E006BFB54 /* Debug */,
				1D6058950D05DD3E006BFB54 /* Release */,
			);
			defaultConfigurationIsVisible = 0;
			defaultConfigurationName = Release;
		};
		B56B1828135EDCF000184810 /* Build configuration list for PBXNativeTarget "Tests" */ = {
			isa = XCConfigurationList;
			buildConfigurations = (
				B56B1829135EDCF000184810 /* Debug */,
				B56B182A135EDCF000184810 /* Release */,
			);
			defaultConfigurationIsVisible = 0;
			defaultConfigurationName = Release;
		};
		B58A91B4138BD59800C7BEC3 /* Build configuration list for PBXNativeTarget "com.electricmuffinkitchen.emkpantry" */ = {
			isa = XCConfigurationList;
			buildConfigurations = (
				B58A91B5138BD59800C7BEC3 /* Debug */,
				B58A91B6138BD59800C7BEC3 /* Release */,
			);
			defaultConfigurationIsVisible = 0;
			defaultConfigurationName = Release;
		};
		B58A91C0138BD5B500C7BEC3 /* Build configuration list for PBXNativeTarget "com.electricmuffinkitchen.emkwip" */ = {
			isa = XCConfigurationList;
			buildConfigurations = (
				B58A91C1138BD5B500C7BEC3 /* Debug */,
				B58A91C2138BD5B500C7BEC3 /* Release */,
			);
			defaultConfigurationIsVisible = 0;
			defaultConfigurationName = Release;
		};
		C01FCF4E08A954540054247B /* Build configuration list for PBXProject "EMKPantry" */ = {
			isa = XCConfigurationList;
			buildConfigurations = (
				C01FCF4F08A954540054247B /* Debug */,
				C01FCF5008A954540054247B /* Release */,
			);
			defaultConfigurationIsVisible = 0;
			defaultConfigurationName = Release;
		};
/* End XCConfigurationList section */
	};
	rootObject = 29B97313FDCFA39411CA2CEA /* Project object */;
}
