// !$*UTF8*$!
{
	archiveVersion = 1;
	classes = {
	};
	objectVersion = 45;
	objects = {

/* Begin PBXBuildFile section */
		1D3623260D0F684500981E51 /* EMKPantryAppDelegate.m in Sources */ = {isa = PBXBuildFile; fileRef = 1D3623250D0F684500981E51 /* EMKPantryAppDelegate.m */; };
		1D60589B0D05DD56006BFB54 /* main.m in Sources */ = {isa = PBXBuildFile; fileRef = 29B97316FDCFA39411CA2CEA /* main.m */; };
		1D60589F0D05DD5A006BFB54 /* Foundation.framework in Frameworks */ = {isa = PBXBuildFile; fileRef = 1D30AB110D05D00D00671497 /* Foundation.framework */; };
		1DF5F4E00D08C38300B7A737 /* UIKit.framework in Frameworks */ = {isa = PBXBuildFile; fileRef = 1DF5F4DF0D08C38300B7A737 /* UIKit.framework */; };
		288765A50DF7441C002DB57D /* CoreGraphics.framework in Frameworks */ = {isa = PBXBuildFile; fileRef = 288765A40DF7441C002DB57D /* CoreGraphics.framework */; };
		28D7ACF80DDB3853001CB0EB /* EMKSetControllerViewController.m in Sources */ = {isa = PBXBuildFile; fileRef = 28D7ACF70DDB3853001CB0EB /* EMKSetControllerViewController.m */; };
		B534C3CA136AF425009F0A7B /* EMKTypedArrayViewController.m in Sources */ = {isa = PBXBuildFile; fileRef = B534C3C8136AF425009F0A7B /* EMKTypedArrayViewController.m */; };
		B534C3CB136AF425009F0A7B /* EMKTypedArrayViewController.xib in Resources */ = {isa = PBXBuildFile; fileRef = B534C3C9136AF425009F0A7B /* EMKTypedArrayViewController.xib */; };
		B534C3D4136AF4BD009F0A7B /* EMKAssociateDelegateViewController.m in Sources */ = {isa = PBXBuildFile; fileRef = B534C3D2136AF4BC009F0A7B /* EMKAssociateDelegateViewController.m */; };
		B534C3D5136AF4BD009F0A7B /* EMKAssociateDelegateViewController.xib in Resources */ = {isa = PBXBuildFile; fileRef = B534C3D3136AF4BD009F0A7B /* EMKAssociateDelegateViewController.xib */; };
		B534C3D9136AF522009F0A7B /* EMKViewViewController.m in Sources */ = {isa = PBXBuildFile; fileRef = B534C3D7136AF521009F0A7B /* EMKViewViewController.m */; };
		B534C3DA136AF522009F0A7B /* EMKViewViewController.xib in Resources */ = {isa = PBXBuildFile; fileRef = B534C3D8136AF522009F0A7B /* EMKViewViewController.xib */; };
		B534C3DE136AF568009F0A7B /* EMKOperationAndInvocationViewController.m in Sources */ = {isa = PBXBuildFile; fileRef = B534C3DC136AF567009F0A7B /* EMKOperationAndInvocationViewController.m */; };
		B534C3DF136AF568009F0A7B /* EMKOperationAndInvocationViewController.xib in Resources */ = {isa = PBXBuildFile; fileRef = B534C3DD136AF568009F0A7B /* EMKOperationAndInvocationViewController.xib */; };
		B534C3E2136B1E59009F0A7B /* EMKStateArchiving.m in Sources */ = {isa = PBXBuildFile; fileRef = B534C3E1136B1E59009F0A7B /* EMKStateArchiving.m */; };
		B534C3E3136B1E59009F0A7B /* EMKStateArchiving.m in Sources */ = {isa = PBXBuildFile; fileRef = B534C3E1136B1E59009F0A7B /* EMKStateArchiving.m */; };
		B534C3EA136B1FDD009F0A7B /* EMKTestView.m in Sources */ = {isa = PBXBuildFile; fileRef = B534C3E8136B1FDD009F0A7B /* EMKTestView.m */; };
		B534C3EB136B1FDD009F0A7B /* EMKTestView.xib in Resources */ = {isa = PBXBuildFile; fileRef = B534C3E9136B1FDD009F0A7B /* EMKTestView.xib */; };
		B55A1127136AC35900248869 /* EMKObjectMappingTableViewController.m in Sources */ = {isa = PBXBuildFile; fileRef = B55A10F4136AC35900248869 /* EMKObjectMappingTableViewController.m */; };
		B55A1128136AC35900248869 /* EMKObjectMappingTableViewController.m in Sources */ = {isa = PBXBuildFile; fileRef = B55A10F4136AC35900248869 /* EMKObjectMappingTableViewController.m */; };
		B55A1129136AC35900248869 /* EMKSetController.m in Sources */ = {isa = PBXBuildFile; fileRef = B55A10F6136AC35900248869 /* EMKSetController.m */; };
		B55A112A136AC35900248869 /* EMKSetController.m in Sources */ = {isa = PBXBuildFile; fileRef = B55A10F6136AC35900248869 /* EMKSetController.m */; };
		B55A112B136AC35900248869 /* EMKSetControllerObjectChangeDescription.m in Sources */ = {isa = PBXBuildFile; fileRef = B55A10F8136AC35900248869 /* EMKSetControllerObjectChangeDescription.m */; };
		B55A112C136AC35900248869 /* EMKSetControllerObjectChangeDescription.m in Sources */ = {isa = PBXBuildFile; fileRef = B55A10F8136AC35900248869 /* EMKSetControllerObjectChangeDescription.m */; };
		B55A112D136AC35900248869 /* EMKSetControllerSection.m in Sources */ = {isa = PBXBuildFile; fileRef = B55A10FA136AC35900248869 /* EMKSetControllerSection.m */; };
		B55A112E136AC35900248869 /* EMKSetControllerSection.m in Sources */ = {isa = PBXBuildFile; fileRef = B55A10FA136AC35900248869 /* EMKSetControllerSection.m */; };
		B55A112F136AC35900248869 /* EMKSetControllerSectionChangeDescription.m in Sources */ = {isa = PBXBuildFile; fileRef = B55A10FC136AC35900248869 /* EMKSetControllerSectionChangeDescription.m */; };
		B55A1130136AC35900248869 /* EMKSetControllerSectionChangeDescription.m in Sources */ = {isa = PBXBuildFile; fileRef = B55A10FC136AC35900248869 /* EMKSetControllerSectionChangeDescription.m */; };
		B55A1162136AC49C00248869 /* NSManagedObject(EMKFetchRequest).m in Sources */ = {isa = PBXBuildFile; fileRef = B55A113A136AC49C00248869 /* NSManagedObject(EMKFetchRequest).m */; };
		B55A1163136AC49C00248869 /* NSManagedObject(EMKFetchRequest).m in Sources */ = {isa = PBXBuildFile; fileRef = B55A113A136AC49C00248869 /* NSManagedObject(EMKFetchRequest).m */; };
		B55A1164136AC49C00248869 /* EMKAssociateDelegate.m in Sources */ = {isa = PBXBuildFile; fileRef = B55A113E136AC49C00248869 /* EMKAssociateDelegate.m */; };
		B55A1165136AC49C00248869 /* EMKAssociateDelegate.m in Sources */ = {isa = PBXBuildFile; fileRef = B55A113E136AC49C00248869 /* EMKAssociateDelegate.m */; };
		B55A1166136AC49C00248869 /* EMKMutableTypedArray.m in Sources */ = {isa = PBXBuildFile; fileRef = B55A1140136AC49C00248869 /* EMKMutableTypedArray.m */; };
		B55A1167136AC49C00248869 /* EMKMutableTypedArray.m in Sources */ = {isa = PBXBuildFile; fileRef = B55A1140136AC49C00248869 /* EMKMutableTypedArray.m */; };
		B55A1168136AC49C00248869 /* EMKTypedArray.m in Sources */ = {isa = PBXBuildFile; fileRef = B55A1142136AC49C00248869 /* EMKTypedArray.m */; };
		B55A1169136AC49C00248869 /* EMKTypedArray.m in Sources */ = {isa = PBXBuildFile; fileRef = B55A1142136AC49C00248869 /* EMKTypedArray.m */; };
		B55A116A136AC49C00248869 /* NSInvocation(EMKActionInitializer).m in Sources */ = {isa = PBXBuildFile; fileRef = B55A1144136AC49C00248869 /* NSInvocation(EMKActionInitializer).m */; };
		B55A116B136AC49C00248869 /* NSInvocation(EMKActionInitializer).m in Sources */ = {isa = PBXBuildFile; fileRef = B55A1144136AC49C00248869 /* NSInvocation(EMKActionInitializer).m */; };
		B55A116C136AC49C00248869 /* NSMethodSignature(EMKMethodTypeEncoding).m in Sources */ = {isa = PBXBuildFile; fileRef = B55A1146136AC49C00248869 /* NSMethodSignature(EMKMethodTypeEncoding).m */; };
		B55A116D136AC49C00248869 /* NSMethodSignature(EMKMethodTypeEncoding).m in Sources */ = {isa = PBXBuildFile; fileRef = B55A1146136AC49C00248869 /* NSMethodSignature(EMKMethodTypeEncoding).m */; };
		B55A116E136AC49C00248869 /* NSObject(EMKAccessors).m in Sources */ = {isa = PBXBuildFile; fileRef = B55A1148136AC49C00248869 /* NSObject(EMKAccessors).m */; };
		B55A116F136AC49C00248869 /* NSObject(EMKAccessors).m in Sources */ = {isa = PBXBuildFile; fileRef = B55A1148136AC49C00248869 /* NSObject(EMKAccessors).m */; };
		B55A1170136AC49C00248869 /* NSObject(EMKKVOSelector).m in Sources */ = {isa = PBXBuildFile; fileRef = B55A114A136AC49C00248869 /* NSObject(EMKKVOSelector).m */; };
		B55A1171136AC49C00248869 /* NSObject(EMKKVOSelector).m in Sources */ = {isa = PBXBuildFile; fileRef = B55A114A136AC49C00248869 /* NSObject(EMKKVOSelector).m */; };
		B55A1172136AC49C00248869 /* NSOperationQueue(EMKDefaultQueue).m in Sources */ = {isa = PBXBuildFile; fileRef = B55A114C136AC49C00248869 /* NSOperationQueue(EMKDefaultQueue).m */; };
		B55A1173136AC49C00248869 /* NSOperationQueue(EMKDefaultQueue).m in Sources */ = {isa = PBXBuildFile; fileRef = B55A114C136AC49C00248869 /* NSOperationQueue(EMKDefaultQueue).m */; };
		B55A1176136AC49C00248869 /* EMKTableViewCell.m in Sources */ = {isa = PBXBuildFile; fileRef = B55A1151136AC49C00248869 /* EMKTableViewCell.m */; };
		B55A1177136AC49C00248869 /* EMKTableViewCell.m in Sources */ = {isa = PBXBuildFile; fileRef = B55A1151136AC49C00248869 /* EMKTableViewCell.m */; };
		B55A1178136AC49C00248869 /* EMKView.m in Sources */ = {isa = PBXBuildFile; fileRef = B55A1153136AC49C00248869 /* EMKView.m */; };
		B55A1179136AC49C00248869 /* EMKView.m in Sources */ = {isa = PBXBuildFile; fileRef = B55A1153136AC49C00248869 /* EMKView.m */; };
		B55A117A136AC49C00248869 /* UIApplication(EMKNetworkActivityParticipation).m in Sources */ = {isa = PBXBuildFile; fileRef = B55A1155136AC49C00248869 /* UIApplication(EMKNetworkActivityParticipation).m */; };
		B55A117B136AC49C00248869 /* UIApplication(EMKNetworkActivityParticipation).m in Sources */ = {isa = PBXBuildFile; fileRef = B55A1155136AC49C00248869 /* UIApplication(EMKNetworkActivityParticipation).m */; };
		B55A117C136AC49C00248869 /* UIButton(EMKAccessoryButton).m in Sources */ = {isa = PBXBuildFile; fileRef = B55A1157136AC49C00248869 /* UIButton(EMKAccessoryButton).m */; };
		B55A117D136AC49C00248869 /* UIButton(EMKAccessoryButton).m in Sources */ = {isa = PBXBuildFile; fileRef = B55A1157136AC49C00248869 /* UIButton(EMKAccessoryButton).m */; };
		B55A117E136AC49C00248869 /* UILabel(EMKResizing).m in Sources */ = {isa = PBXBuildFile; fileRef = B55A1159136AC49C00248869 /* UILabel(EMKResizing).m */; };
		B55A117F136AC49C00248869 /* UILabel(EMKResizing).m in Sources */ = {isa = PBXBuildFile; fileRef = B55A1159136AC49C00248869 /* UILabel(EMKResizing).m */; };
		B55A1180136AC49C00248869 /* UINavigationController(EMKRootViewController).m in Sources */ = {isa = PBXBuildFile; fileRef = B55A115B136AC49C00248869 /* UINavigationController(EMKRootViewController).m */; };
		B55A1181136AC49C00248869 /* UINavigationController(EMKRootViewController).m in Sources */ = {isa = PBXBuildFile; fileRef = B55A115B136AC49C00248869 /* UINavigationController(EMKRootViewController).m */; };
		B55A1182136AC49C00248869 /* UIView(EMKNibLoading).m in Sources */ = {isa = PBXBuildFile; fileRef = B55A115D136AC49C00248869 /* UIView(EMKNibLoading).m */; };
		B55A1183136AC49C00248869 /* UIView(EMKNibLoading).m in Sources */ = {isa = PBXBuildFile; fileRef = B55A115D136AC49C00248869 /* UIView(EMKNibLoading).m */; };
		B55A1184136AC49C00248869 /* UIView(EMKViewSearching).m in Sources */ = {isa = PBXBuildFile; fileRef = B55A115F136AC49C00248869 /* UIView(EMKViewSearching).m */; };
		B55A1185136AC49C00248869 /* UIView(EMKViewSearching).m in Sources */ = {isa = PBXBuildFile; fileRef = B55A115F136AC49C00248869 /* UIView(EMKViewSearching).m */; };
		B55A1186136AC49C00248869 /* UIViewController(EMKInitializers).m in Sources */ = {isa = PBXBuildFile; fileRef = B55A1161136AC49C00248869 /* UIViewController(EMKInitializers).m */; };
		B55A1187136AC49C00248869 /* UIViewController(EMKInitializers).m in Sources */ = {isa = PBXBuildFile; fileRef = B55A1161136AC49C00248869 /* UIViewController(EMKInitializers).m */; };
		B55A1189136AC54700248869 /* CoreData.framework in Frameworks */ = {isa = PBXBuildFile; fileRef = B55A1188136AC54700248869 /* CoreData.framework */; };
		B55A118B136AC55F00248869 /* CoreData.framework in Frameworks */ = {isa = PBXBuildFile; fileRef = B55A118A136AC55F00248869 /* CoreData.framework */; };
		B56B1818135EDCF000184810 /* UIKit.framework in Frameworks */ = {isa = PBXBuildFile; fileRef = B56B1817135EDCF000184810 /* UIKit.framework */; };
		B56B181A135EDCF000184810 /* Foundation.framework in Frameworks */ = {isa = PBXBuildFile; fileRef = B56B1819135EDCF000184810 /* Foundation.framework */; };
		B56B181C135EDCF000184810 /* CoreGraphics.framework in Frameworks */ = {isa = PBXBuildFile; fileRef = B56B181B135EDCF000184810 /* CoreGraphics.framework */; };
		B56B1822135EDCF000184810 /* InfoPlist.strings in Resources */ = {isa = PBXBuildFile; fileRef = B56B1820135EDCF000184810 /* InfoPlist.strings */; };
		B56B182E135EF00000184810 /* EMKTypedArrayTest.m in Sources */ = {isa = PBXBuildFile; fileRef = B56B182D135EF00000184810 /* EMKTypedArrayTest.m */; };
		B56B1878135EF10900184810 /* SenTestingKit.framework in Frameworks */ = {isa = PBXBuildFile; fileRef = B56B1877135EF10900184810 /* SenTestingKit.framework */; };
		B56D521D136AE55700716455 /* EMKRootViewController.m in Sources */ = {isa = PBXBuildFile; fileRef = B56D521B136AE55600716455 /* EMKRootViewController.m */; };
		B56D521E136AE55700716455 /* EMKRootViewController.xib in Resources */ = {isa = PBXBuildFile; fileRef = B56D521C136AE55600716455 /* EMKRootViewController.xib */; };
		B56D5220136AE56D00716455 /* EMKSetControllerViewController.xib in Resources */ = {isa = PBXBuildFile; fileRef = B56D521F136AE56D00716455 /* EMKSetControllerViewController.xib */; };
		B56D5222136AE57600716455 /* MainWindow.xib in Resources */ = {isa = PBXBuildFile; fileRef = B56D5221136AE57600716455 /* MainWindow.xib */; };
		B5BB924D136430E7004C97C0 /* EMKMutableTypedArrayTest.m in Sources */ = {isa = PBXBuildFile; fileRef = B5BB924C136430E7004C97C0 /* EMKMutableTypedArrayTest.m */; };
/* End PBXBuildFile section */

/* Begin PBXFileReference section */
		1D30AB110D05D00D00671497 /* Foundation.framework */ = {isa = PBXFileReference; lastKnownFileType = wrapper.framework; name = Foundation.framework; path = System/Library/Frameworks/Foundation.framework; sourceTree = SDKROOT; };
		1D3623240D0F684500981E51 /* EMKPantryAppDelegate.h */ = {isa = PBXFileReference; fileEncoding = 4; lastKnownFileType = sourcecode.c.h; path = EMKPantryAppDelegate.h; sourceTree = "<group>"; };
		1D3623250D0F684500981E51 /* EMKPantryAppDelegate.m */ = {isa = PBXFileReference; fileEncoding = 4; lastKnownFileType = sourcecode.c.objc; path = EMKPantryAppDelegate.m; sourceTree = "<group>"; };
		1D6058910D05DD3D006BFB54 /* EMKPantry.app */ = {isa = PBXFileReference; explicitFileType = wrapper.application; includeInIndex = 0; path = EMKPantry.app; sourceTree = BUILT_PRODUCTS_DIR; };
		1DF5F4DF0D08C38300B7A737 /* UIKit.framework */ = {isa = PBXFileReference; lastKnownFileType = wrapper.framework; name = UIKit.framework; path = System/Library/Frameworks/UIKit.framework; sourceTree = SDKROOT; };
		288765A40DF7441C002DB57D /* CoreGraphics.framework */ = {isa = PBXFileReference; lastKnownFileType = wrapper.framework; name = CoreGraphics.framework; path = System/Library/Frameworks/CoreGraphics.framework; sourceTree = SDKROOT; };
		28D7ACF60DDB3853001CB0EB /* EMKSetControllerViewController.h */ = {isa = PBXFileReference; fileEncoding = 4; lastKnownFileType = sourcecode.c.h; path = EMKSetControllerViewController.h; sourceTree = "<group>"; };
		28D7ACF70DDB3853001CB0EB /* EMKSetControllerViewController.m */ = {isa = PBXFileReference; fileEncoding = 4; lastKnownFileType = sourcecode.c.objc; path = EMKSetControllerViewController.m; sourceTree = "<group>"; };
		29B97316FDCFA39411CA2CEA /* main.m */ = {isa = PBXFileReference; fileEncoding = 4; lastKnownFileType = sourcecode.c.objc; path = main.m; sourceTree = SOURCE_ROOT; };
		32CA4F630368D1EE00C91783 /* EMKPantry_Prefix.pch */ = {isa = PBXFileReference; fileEncoding = 4; lastKnownFileType = sourcecode.c.h; name = EMKPantry_Prefix.pch; path = "DemoApp (includes tests)/EMKPantry_Prefix.pch"; sourceTree = "<group>"; };
		8D1107310486CEB800E47090 /* EMKPantry-Info.plist */ = {isa = PBXFileReference; fileEncoding = 4; lastKnownFileType = text.plist.xml; name = "EMKPantry-Info.plist"; path = "DemoApp (includes tests)/EMKPantry-Info.plist"; plistStructureDefinitionIdentifier = "com.apple.xcode.plist.structure-definition.iphone.info-plist"; sourceTree = "<group>"; };
		B534C3C7136AF425009F0A7B /* EMKTypedArrayViewController.h */ = {isa = PBXFileReference; fileEncoding = 4; lastKnownFileType = sourcecode.c.h; path = EMKTypedArrayViewController.h; sourceTree = "<group>"; };
		B534C3C8136AF425009F0A7B /* EMKTypedArrayViewController.m */ = {isa = PBXFileReference; fileEncoding = 4; lastKnownFileType = sourcecode.c.objc; path = EMKTypedArrayViewController.m; sourceTree = "<group>"; };
		B534C3C9136AF425009F0A7B /* EMKTypedArrayViewController.xib */ = {isa = PBXFileReference; fileEncoding = 4; lastKnownFileType = file.xib; path = EMKTypedArrayViewController.xib; sourceTree = "<group>"; };
		B534C3D1136AF4BC009F0A7B /* EMKAssociateDelegateViewController.h */ = {isa = PBXFileReference; fileEncoding = 4; lastKnownFileType = sourcecode.c.h; path = EMKAssociateDelegateViewController.h; sourceTree = "<group>"; };
		B534C3D2136AF4BC009F0A7B /* EMKAssociateDelegateViewController.m */ = {isa = PBXFileReference; fileEncoding = 4; lastKnownFileType = sourcecode.c.objc; path = EMKAssociateDelegateViewController.m; sourceTree = "<group>"; };
		B534C3D3136AF4BD009F0A7B /* EMKAssociateDelegateViewController.xib */ = {isa = PBXFileReference; fileEncoding = 4; lastKnownFileType = file.xib; path = EMKAssociateDelegateViewController.xib; sourceTree = "<group>"; };
		B534C3D6136AF521009F0A7B /* EMKViewViewController.h */ = {isa = PBXFileReference; fileEncoding = 4; lastKnownFileType = sourcecode.c.h; path = EMKViewViewController.h; sourceTree = "<group>"; };
		B534C3D7136AF521009F0A7B /* EMKViewViewController.m */ = {isa = PBXFileReference; fileEncoding = 4; lastKnownFileType = sourcecode.c.objc; path = EMKViewViewController.m; sourceTree = "<group>"; };
		B534C3D8136AF522009F0A7B /* EMKViewViewController.xib */ = {isa = PBXFileReference; fileEncoding = 4; lastKnownFileType = file.xib; path = EMKViewViewController.xib; sourceTree = "<group>"; };
		B534C3DB136AF567009F0A7B /* EMKOperationAndInvocationViewController.h */ = {isa = PBXFileReference; fileEncoding = 4; lastKnownFileType = sourcecode.c.h; path = EMKOperationAndInvocationViewController.h; sourceTree = "<group>"; };
		B534C3DC136AF567009F0A7B /* EMKOperationAndInvocationViewController.m */ = {isa = PBXFileReference; fileEncoding = 4; lastKnownFileType = sourcecode.c.objc; path = EMKOperationAndInvocationViewController.m; sourceTree = "<group>"; };
		B534C3DD136AF568009F0A7B /* EMKOperationAndInvocationViewController.xib */ = {isa = PBXFileReference; fileEncoding = 4; lastKnownFileType = file.xib; path = EMKOperationAndInvocationViewController.xib; sourceTree = "<group>"; };
		B534C3E0136B1E59009F0A7B /* EMKStateArchiving.h */ = {isa = PBXFileReference; fileEncoding = 4; lastKnownFileType = sourcecode.c.h; path = EMKStateArchiving.h; sourceTree = "<group>"; };
		B534C3E1136B1E59009F0A7B /* EMKStateArchiving.m */ = {isa = PBXFileReference; fileEncoding = 4; lastKnownFileType = sourcecode.c.objc; path = EMKStateArchiving.m; sourceTree = "<group>"; };
		B534C3E7136B1FDD009F0A7B /* EMKTestView.h */ = {isa = PBXFileReference; fileEncoding = 4; lastKnownFileType = sourcecode.c.h; path = EMKTestView.h; sourceTree = "<group>"; };
		B534C3E8136B1FDD009F0A7B /* EMKTestView.m */ = {isa = PBXFileReference; fileEncoding = 4; lastKnownFileType = sourcecode.c.objc; path = EMKTestView.m; sourceTree = "<group>"; };
		B534C3E9136B1FDD009F0A7B /* EMKTestView.xib */ = {isa = PBXFileReference; fileEncoding = 4; lastKnownFileType = file.xib; path = EMKTestView.xib; sourceTree = "<group>"; };
		B55A10F3136AC35900248869 /* EMKObjectMappingTableViewController.h */ = {isa = PBXFileReference; fileEncoding = 4; lastKnownFileType = sourcecode.c.h; path = EMKObjectMappingTableViewController.h; sourceTree = "<group>"; };
		B55A10F4136AC35900248869 /* EMKObjectMappingTableViewController.m */ = {isa = PBXFileReference; fileEncoding = 4; lastKnownFileType = sourcecode.c.objc; path = EMKObjectMappingTableViewController.m; sourceTree = "<group>"; };
		B55A10F5136AC35900248869 /* EMKSetController.h */ = {isa = PBXFileReference; fileEncoding = 4; lastKnownFileType = sourcecode.c.h; path = EMKSetController.h; sourceTree = "<group>"; };
		B55A10F6136AC35900248869 /* EMKSetController.m */ = {isa = PBXFileReference; fileEncoding = 4; lastKnownFileType = sourcecode.c.objc; path = EMKSetController.m; sourceTree = "<group>"; };
		B55A10F7136AC35900248869 /* EMKSetControllerObjectChangeDescription.h */ = {isa = PBXFileReference; fileEncoding = 4; lastKnownFileType = sourcecode.c.h; path = EMKSetControllerObjectChangeDescription.h; sourceTree = "<group>"; };
		B55A10F8136AC35900248869 /* EMKSetControllerObjectChangeDescription.m */ = {isa = PBXFileReference; fileEncoding = 4; lastKnownFileType = sourcecode.c.objc; path = EMKSetControllerObjectChangeDescription.m; sourceTree = "<group>"; };
		B55A10F9136AC35900248869 /* EMKSetControllerSection.h */ = {isa = PBXFileReference; fileEncoding = 4; lastKnownFileType = sourcecode.c.h; path = EMKSetControllerSection.h; sourceTree = "<group>"; };
		B55A10FA136AC35900248869 /* EMKSetControllerSection.m */ = {isa = PBXFileReference; fileEncoding = 4; lastKnownFileType = sourcecode.c.objc; path = EMKSetControllerSection.m; sourceTree = "<group>"; };
		B55A10FB136AC35900248869 /* EMKSetControllerSectionChangeDescription.h */ = {isa = PBXFileReference; fileEncoding = 4; lastKnownFileType = sourcecode.c.h; path = EMKSetControllerSectionChangeDescription.h; sourceTree = "<group>"; };
		B55A10FC136AC35900248869 /* EMKSetControllerSectionChangeDescription.m */ = {isa = PBXFileReference; fileEncoding = 4; lastKnownFileType = sourcecode.c.objc; path = EMKSetControllerSectionChangeDescription.m; sourceTree = "<group>"; };
		B55A10FD136AC35900248869 /* EMKSetControllerSectionInfo.h */ = {isa = PBXFileReference; fileEncoding = 4; lastKnownFileType = sourcecode.c.h; path = EMKSetControllerSectionInfo.h; sourceTree = "<group>"; };
		B55A1139136AC49C00248869 /* NSManagedObject(EMKFetchRequest).h */ = {isa = PBXFileReference; fileEncoding = 4; lastKnownFileType = sourcecode.c.h; path = "NSManagedObject(EMKFetchRequest).h"; sourceTree = "<group>"; };
		B55A113A136AC49C00248869 /* NSManagedObject(EMKFetchRequest).m */ = {isa = PBXFileReference; fileEncoding = 4; lastKnownFileType = sourcecode.c.objc; path = "NSManagedObject(EMKFetchRequest).m"; sourceTree = "<group>"; };
		B55A113B136AC49C00248869 /* EMKPantry.h */ = {isa = PBXFileReference; fileEncoding = 4; lastKnownFileType = sourcecode.c.h; path = EMKPantry.h; sourceTree = "<group>"; };
		B55A113D136AC49C00248869 /* EMKAssociateDelegate.h */ = {isa = PBXFileReference; fileEncoding = 4; lastKnownFileType = sourcecode.c.h; path = EMKAssociateDelegate.h; sourceTree = "<group>"; };
		B55A113E136AC49C00248869 /* EMKAssociateDelegate.m */ = {isa = PBXFileReference; fileEncoding = 4; lastKnownFileType = sourcecode.c.objc; path = EMKAssociateDelegate.m; sourceTree = "<group>"; };
		B55A113F136AC49C00248869 /* EMKMutableTypedArray.h */ = {isa = PBXFileReference; fileEncoding = 4; lastKnownFileType = sourcecode.c.h; path = EMKMutableTypedArray.h; sourceTree = "<group>"; };
		B55A1140136AC49C00248869 /* EMKMutableTypedArray.m */ = {isa = PBXFileReference; fileEncoding = 4; lastKnownFileType = sourcecode.c.objc; path = EMKMutableTypedArray.m; sourceTree = "<group>"; };
		B55A1141136AC49C00248869 /* EMKTypedArray.h */ = {isa = PBXFileReference; fileEncoding = 4; lastKnownFileType = sourcecode.c.h; path = EMKTypedArray.h; sourceTree = "<group>"; };
		B55A1142136AC49C00248869 /* EMKTypedArray.m */ = {isa = PBXFileReference; fileEncoding = 4; lastKnownFileType = sourcecode.c.objc; path = EMKTypedArray.m; sourceTree = "<group>"; };
		B55A1143136AC49C00248869 /* NSInvocation(EMKActionInitializer).h */ = {isa = PBXFileReference; fileEncoding = 4; lastKnownFileType = sourcecode.c.h; path = "NSInvocation(EMKActionInitializer).h"; sourceTree = "<group>"; };
		B55A1144136AC49C00248869 /* NSInvocation(EMKActionInitializer).m */ = {isa = PBXFileReference; fileEncoding = 4; lastKnownFileType = sourcecode.c.objc; path = "NSInvocation(EMKActionInitializer).m"; sourceTree = "<group>"; };
		B55A1145136AC49C00248869 /* NSMethodSignature(EMKMethodTypeEncoding).h */ = {isa = PBXFileReference; fileEncoding = 4; lastKnownFileType = sourcecode.c.h; path = "NSMethodSignature(EMKMethodTypeEncoding).h"; sourceTree = "<group>"; };
		B55A1146136AC49C00248869 /* NSMethodSignature(EMKMethodTypeEncoding).m */ = {isa = PBXFileReference; fileEncoding = 4; lastKnownFileType = sourcecode.c.objc; path = "NSMethodSignature(EMKMethodTypeEncoding).m"; sourceTree = "<group>"; };
		B55A1147136AC49C00248869 /* NSObject(EMKAccessors).h */ = {isa = PBXFileReference; fileEncoding = 4; lastKnownFileType = sourcecode.c.h; path = "NSObject(EMKAccessors).h"; sourceTree = "<group>"; };
		B55A1148136AC49C00248869 /* NSObject(EMKAccessors).m */ = {isa = PBXFileReference; fileEncoding = 4; lastKnownFileType = sourcecode.c.objc; path = "NSObject(EMKAccessors).m"; sourceTree = "<group>"; };
		B55A1149136AC49C00248869 /* NSObject(EMKKVOSelector).h */ = {isa = PBXFileReference; fileEncoding = 4; lastKnownFileType = sourcecode.c.h; path = "NSObject(EMKKVOSelector).h"; sourceTree = "<group>"; };
		B55A114A136AC49C00248869 /* NSObject(EMKKVOSelector).m */ = {isa = PBXFileReference; fileEncoding = 4; lastKnownFileType = sourcecode.c.objc; path = "NSObject(EMKKVOSelector).m"; sourceTree = "<group>"; };
		B55A114B136AC49C00248869 /* NSOperationQueue(EMKDefaultQueue).h */ = {isa = PBXFileReference; fileEncoding = 4; lastKnownFileType = sourcecode.c.h; path = "NSOperationQueue(EMKDefaultQueue).h"; sourceTree = "<group>"; };
		B55A114C136AC49C00248869 /* NSOperationQueue(EMKDefaultQueue).m */ = {isa = PBXFileReference; fileEncoding = 4; lastKnownFileType = sourcecode.c.objc; path = "NSOperationQueue(EMKDefaultQueue).m"; sourceTree = "<group>"; };
		B55A1150136AC49C00248869 /* EMKTableViewCell.h */ = {isa = PBXFileReference; fileEncoding = 4; lastKnownFileType = sourcecode.c.h; path = EMKTableViewCell.h; sourceTree = "<group>"; };
		B55A1151136AC49C00248869 /* EMKTableViewCell.m */ = {isa = PBXFileReference; fileEncoding = 4; lastKnownFileType = sourcecode.c.objc; path = EMKTableViewCell.m; sourceTree = "<group>"; };
		B55A1152136AC49C00248869 /* EMKView.h */ = {isa = PBXFileReference; fileEncoding = 4; lastKnownFileType = sourcecode.c.h; path = EMKView.h; sourceTree = "<group>"; };
		B55A1153136AC49C00248869 /* EMKView.m */ = {isa = PBXFileReference; fileEncoding = 4; lastKnownFileType = sourcecode.c.objc; path = EMKView.m; sourceTree = "<group>"; };
		B55A1154136AC49C00248869 /* UIApplication(EMKNetworkActivityParticipation).h */ = {isa = PBXFileReference; fileEncoding = 4; lastKnownFileType = sourcecode.c.h; path = "UIApplication(EMKNetworkActivityParticipation).h"; sourceTree = "<group>"; };
		B55A1155136AC49C00248869 /* UIApplication(EMKNetworkActivityParticipation).m */ = {isa = PBXFileReference; fileEncoding = 4; lastKnownFileType = sourcecode.c.objc; path = "UIApplication(EMKNetworkActivityParticipation).m"; sourceTree = "<group>"; };
		B55A1156136AC49C00248869 /* UIButton(EMKAccessoryButton).h */ = {isa = PBXFileReference; fileEncoding = 4; lastKnownFileType = sourcecode.c.h; path = "UIButton(EMKAccessoryButton).h"; sourceTree = "<group>"; };
		B55A1157136AC49C00248869 /* UIButton(EMKAccessoryButton).m */ = {isa = PBXFileReference; fileEncoding = 4; lastKnownFileType = sourcecode.c.objc; path = "UIButton(EMKAccessoryButton).m"; sourceTree = "<group>"; };
		B55A1158136AC49C00248869 /* UILabel(EMKResizing).h */ = {isa = PBXFileReference; fileEncoding = 4; lastKnownFileType = sourcecode.c.h; path = "UILabel(EMKResizing).h"; sourceTree = "<group>"; };
		B55A1159136AC49C00248869 /* UILabel(EMKResizing).m */ = {isa = PBXFileReference; fileEncoding = 4; lastKnownFileType = sourcecode.c.objc; path = "UILabel(EMKResizing).m"; sourceTree = "<group>"; };
		B55A115A136AC49C00248869 /* UINavigationController(EMKRootViewController).h */ = {isa = PBXFileReference; fileEncoding = 4; lastKnownFileType = sourcecode.c.h; path = "UINavigationController(EMKRootViewController).h"; sourceTree = "<group>"; };
		B55A115B136AC49C00248869 /* UINavigationController(EMKRootViewController).m */ = {isa = PBXFileReference; fileEncoding = 4; lastKnownFileType = sourcecode.c.objc; path = "UINavigationController(EMKRootViewController).m"; sourceTree = "<group>"; };
		B55A115C136AC49C00248869 /* UIView(EMKNibLoading).h */ = {isa = PBXFileReference; fileEncoding = 4; lastKnownFileType = sourcecode.c.h; path = "UIView(EMKNibLoading).h"; sourceTree = "<group>"; };
		B55A115D136AC49C00248869 /* UIView(EMKNibLoading).m */ = {isa = PBXFileReference; fileEncoding = 4; lastKnownFileType = sourcecode.c.objc; path = "UIView(EMKNibLoading).m"; sourceTree = "<group>"; };
		B55A115E136AC49C00248869 /* UIView(EMKViewSearching).h */ = {isa = PBXFileReference; fileEncoding = 4; lastKnownFileType = sourcecode.c.h; path = "UIView(EMKViewSearching).h"; sourceTree = "<group>"; };
		B55A115F136AC49C00248869 /* UIView(EMKViewSearching).m */ = {isa = PBXFileReference; fileEncoding = 4; lastKnownFileType = sourcecode.c.objc; path = "UIView(EMKViewSearching).m"; sourceTree = "<group>"; };
		B55A1160136AC49C00248869 /* UIViewController(EMKInitializers).h */ = {isa = PBXFileReference; fileEncoding = 4; lastKnownFileType = sourcecode.c.h; path = "UIViewController(EMKInitializers).h"; sourceTree = "<group>"; };
		B55A1161136AC49C00248869 /* UIViewController(EMKInitializers).m */ = {isa = PBXFileReference; fileEncoding = 4; lastKnownFileType = sourcecode.c.objc; path = "UIViewController(EMKInitializers).m"; sourceTree = "<group>"; };
		B55A1188136AC54700248869 /* CoreData.framework */ = {isa = PBXFileReference; lastKnownFileType = wrapper.framework; name = CoreData.framework; path = System/Library/Frameworks/CoreData.framework; sourceTree = SDKROOT; };
		B55A118A136AC55F00248869 /* CoreData.framework */ = {isa = PBXFileReference; lastKnownFileType = wrapper.framework; name = CoreData.framework; path = System/Library/Frameworks/CoreData.framework; sourceTree = SDKROOT; };
		B55A118C136AC5F200248869 /* EMKWip.h */ = {isa = PBXFileReference; lastKnownFileType = sourcecode.c.h; path = EMKWip.h; sourceTree = "<group>"; };
		B56B1815135EDCF000184810 /* EMKPantryTests.octest */ = {isa = PBXFileReference; explicitFileType = wrapper.cfbundle; includeInIndex = 0; path = EMKPantryTests.octest; sourceTree = BUILT_PRODUCTS_DIR; };
		B56B1817135EDCF000184810 /* UIKit.framework */ = {isa = PBXFileReference; lastKnownFileType = wrapper.framework; name = UIKit.framework; path = System/Library/Frameworks/UIKit.framework; sourceTree = SDKROOT; };
		B56B1819135EDCF000184810 /* Foundation.framework */ = {isa = PBXFileReference; lastKnownFileType = wrapper.framework; name = Foundation.framework; path = System/Library/Frameworks/Foundation.framework; sourceTree = SDKROOT; };
		B56B181B135EDCF000184810 /* CoreGraphics.framework */ = {isa = PBXFileReference; lastKnownFileType = wrapper.framework; name = CoreGraphics.framework; path = System/Library/Frameworks/CoreGraphics.framework; sourceTree = SDKROOT; };
		B56B181F135EDCF000184810 /* EMKPantryTests-Info.plist */ = {isa = PBXFileReference; lastKnownFileType = text.plist.xml; path = "EMKPantryTests-Info.plist"; sourceTree = "<group>"; };
		B56B1821135EDCF000184810 /* en */ = {isa = PBXFileReference; lastKnownFileType = text.plist.strings; name = en; path = en.lproj/InfoPlist.strings; sourceTree = "<group>"; };
		B56B1823135EDCF000184810 /* EMKPantryTests-Prefix.pch */ = {isa = PBXFileReference; lastKnownFileType = sourcecode.c.h; path = "EMKPantryTests-Prefix.pch"; sourceTree = "<group>"; };
		B56B182C135EF00000184810 /* EMKTypedArrayTest.h */ = {isa = PBXFileReference; fileEncoding = 4; lastKnownFileType = sourcecode.c.h; path = EMKTypedArrayTest.h; sourceTree = "<group>"; };
		B56B182D135EF00000184810 /* EMKTypedArrayTest.m */ = {isa = PBXFileReference; fileEncoding = 4; lastKnownFileType = sourcecode.c.objc; path = EMKTypedArrayTest.m; sourceTree = "<group>"; };
		B56B1877135EF10900184810 /* SenTestingKit.framework */ = {isa = PBXFileReference; lastKnownFileType = wrapper.framework; name = SenTestingKit.framework; path = Library/Frameworks/SenTestingKit.framework; sourceTree = DEVELOPER_DIR; };
		B56D521A136AE55600716455 /* EMKRootViewController.h */ = {isa = PBXFileReference; fileEncoding = 4; lastKnownFileType = sourcecode.c.h; path = EMKRootViewController.h; sourceTree = "<group>"; };
		B56D521B136AE55600716455 /* EMKRootViewController.m */ = {isa = PBXFileReference; fileEncoding = 4; lastKnownFileType = sourcecode.c.objc; path = EMKRootViewController.m; sourceTree = "<group>"; };
		B56D521C136AE55600716455 /* EMKRootViewController.xib */ = {isa = PBXFileReference; fileEncoding = 4; lastKnownFileType = file.xib; path = EMKRootViewController.xib; sourceTree = "<group>"; };
		B56D521F136AE56D00716455 /* EMKSetControllerViewController.xib */ = {isa = PBXFileReference; fileEncoding = 4; lastKnownFileType = file.xib; path = EMKSetControllerViewController.xib; sourceTree = "<group>"; };
		B56D5221136AE57600716455 /* MainWindow.xib */ = {isa = PBXFileReference; fileEncoding = 4; lastKnownFileType = file.xib; path = MainWindow.xib; sourceTree = "<group>"; };
		B5BB924B136430E7004C97C0 /* EMKMutableTypedArrayTest.h */ = {isa = PBXFileReference; fileEncoding = 4; lastKnownFileType = sourcecode.c.h; path = EMKMutableTypedArrayTest.h; sourceTree = "<group>"; };
		B5BB924C136430E7004C97C0 /* EMKMutableTypedArrayTest.m */ = {isa = PBXFileReference; fileEncoding = 4; lastKnownFileType = sourcecode.c.objc; path = EMKMutableTypedArrayTest.m; sourceTree = "<group>"; };
/* End PBXFileReference section */

/* Begin PBXFrameworksBuildPhase section */
		1D60588F0D05DD3D006BFB54 /* Frameworks */ = {
			isa = PBXFrameworksBuildPhase;
			buildActionMask = 2147483647;
			files = (
				B55A1189136AC54700248869 /* CoreData.framework in Frameworks */,
				1D60589F0D05DD5A006BFB54 /* Foundation.framework in Frameworks */,
				1DF5F4E00D08C38300B7A737 /* UIKit.framework in Frameworks */,
				288765A50DF7441C002DB57D /* CoreGraphics.framework in Frameworks */,
			);
			runOnlyForDeploymentPostprocessing = 0;
		};
		B56B1811135EDCF000184810 /* Frameworks */ = {
			isa = PBXFrameworksBuildPhase;
			buildActionMask = 2147483647;
			files = (
				B55A118B136AC55F00248869 /* CoreData.framework in Frameworks */,
				B56B1818135EDCF000184810 /* UIKit.framework in Frameworks */,
				B56B181A135EDCF000184810 /* Foundation.framework in Frameworks */,
				B56B181C135EDCF000184810 /* CoreGraphics.framework in Frameworks */,
				B56B1878135EF10900184810 /* SenTestingKit.framework in Frameworks */,
			);
			runOnlyForDeploymentPostprocessing = 0;
		};
/* End PBXFrameworksBuildPhase section */

/* Begin PBXGroup section */
		080E96DDFE201D6D7F000001 /* Demo App */ = {
			isa = PBXGroup;
			children = (
				B534C3E6136B1FCA009F0A7B /* Views */,
				B5DA0F4612EC5D50005735D2 /* App Delegate */,
				B5DA0F4512EC5D40005735D2 /* View Controllers */,
				29B97315FDCFA39411CA2CEA /* Supporting Files */,
				29B97323FDCFA39411CA2CEA /* Frameworks */,
				1D6058910D05DD3D006BFB54 /* EMKPantry.app */,
			);
			name = "Demo App";
			sourceTree = SOURCE_ROOT;
		};
		29B97314FDCFA39411CA2CEA /* CustomTemplate */ = {
			isa = PBXGroup;
			children = (
				B55A1137136AC49C00248869 /* Classes */,
				B55A10C8136AC35900248869 /* WorkInProgress */,
				080E96DDFE201D6D7F000001 /* Demo App */,
				B56B181D135EDCF000184810 /* Tests */,
			);
			name = CustomTemplate;
			sourceTree = "<group>";
		};
		29B97315FDCFA39411CA2CEA /* Supporting Files */ = {
			isa = PBXGroup;
			children = (
				8D1107310486CEB800E47090 /* EMKPantry-Info.plist */,
				32CA4F630368D1EE00C91783 /* EMKPantry_Prefix.pch */,
				29B97316FDCFA39411CA2CEA /* main.m */,
			);
			name = "Supporting Files";
			path = ..;
			sourceTree = "<group>";
		};
		29B97323FDCFA39411CA2CEA /* Frameworks */ = {
			isa = PBXGroup;
			children = (
				B55A1188136AC54700248869 /* CoreData.framework */,
				1DF5F4DF0D08C38300B7A737 /* UIKit.framework */,
				1D30AB110D05D00D00671497 /* Foundation.framework */,
				288765A40DF7441C002DB57D /* CoreGraphics.framework */,
			);
			name = Frameworks;
			path = ..;
			sourceTree = "<group>";
		};
		B534C3C4136AF339009F0A7B /* Foundation */ = {
			isa = PBXGroup;
			children = (
				B56B182C135EF00000184810 /* EMKTypedArrayTest.h */,
				B56B182D135EF00000184810 /* EMKTypedArrayTest.m */,
				B5BB924B136430E7004C97C0 /* EMKMutableTypedArrayTest.h */,
				B5BB924C136430E7004C97C0 /* EMKMutableTypedArrayTest.m */,
			);
			name = Foundation;
			sourceTree = "<group>";
		};
		B534C3C5136AF34D009F0A7B /* UIKit */ = {
			isa = PBXGroup;
			children = (
			);
			name = UIKit;
			sourceTree = "<group>";
		};
		B534C3C6136AF355009F0A7B /* CoreData */ = {
			isa = PBXGroup;
			children = (
			);
			name = CoreData;
			sourceTree = "<group>";
		};
		B534C3E6136B1FCA009F0A7B /* Views */ = {
			isa = PBXGroup;
			children = (
				B534C3E7136B1FDD009F0A7B /* EMKTestView.h */,
				B534C3E8136B1FDD009F0A7B /* EMKTestView.m */,
				B534C3E9136B1FDD009F0A7B /* EMKTestView.xib */,
			);
			name = Views;
			sourceTree = "<group>";
		};
		B55A10C8136AC35900248869 /* WorkInProgress */ = {
			isa = PBXGroup;
			children = (
				B55A118C136AC5F200248869 /* EMKWip.h */,
				B534C3E0136B1E59009F0A7B /* EMKStateArchiving.h */,
				B534C3E1136B1E59009F0A7B /* EMKStateArchiving.m */,
				B55A10F3136AC35900248869 /* EMKObjectMappingTableViewController.h */,
				B55A10F4136AC35900248869 /* EMKObjectMappingTableViewController.m */,
				B55A10F5136AC35900248869 /* EMKSetController.h */,
				B55A10F6136AC35900248869 /* EMKSetController.m */,
				B55A10F7136AC35900248869 /* EMKSetControllerObjectChangeDescription.h */,
				B55A10F8136AC35900248869 /* EMKSetControllerObjectChangeDescription.m */,
				B55A10F9136AC35900248869 /* EMKSetControllerSection.h */,
				B55A10FA136AC35900248869 /* EMKSetControllerSection.m */,
				B55A10FB136AC35900248869 /* EMKSetControllerSectionChangeDescription.h */,
				B55A10FC136AC35900248869 /* EMKSetControllerSectionChangeDescription.m */,
				B55A10FD136AC35900248869 /* EMKSetControllerSectionInfo.h */,
			);
			name = WorkInProgress;
			path = ../WorkInProgress;
			sourceTree = "<group>";
		};
		B55A1137136AC49C00248869 /* Classes */ = {
			isa = PBXGroup;
			children = (
				B55A1138136AC49C00248869 /* CoreData */,
				B55A113B136AC49C00248869 /* EMKPantry.h */,
				B55A113C136AC49C00248869 /* Foundation */,
				B55A114D136AC49C00248869 /* UIKit */,
			);
			name = Classes;
			path = ../Classes;
			sourceTree = "<group>";
		};
		B55A1138136AC49C00248869 /* CoreData */ = {
			isa = PBXGroup;
			children = (
				B55A1139136AC49C00248869 /* NSManagedObject(EMKFetchRequest).h */,
				B55A113A136AC49C00248869 /* NSManagedObject(EMKFetchRequest).m */,
			);
			path = CoreData;
			sourceTree = "<group>";
		};
		B55A113C136AC49C00248869 /* Foundation */ = {
			isa = PBXGroup;
			children = (
				B55A113D136AC49C00248869 /* EMKAssociateDelegate.h */,
				B55A113E136AC49C00248869 /* EMKAssociateDelegate.m */,
				B55A1141136AC49C00248869 /* EMKTypedArray.h */,
				B55A1142136AC49C00248869 /* EMKTypedArray.m */,
				B55A113F136AC49C00248869 /* EMKMutableTypedArray.h */,
				B55A1140136AC49C00248869 /* EMKMutableTypedArray.m */,
				B55A1143136AC49C00248869 /* NSInvocation(EMKActionInitializer).h */,
				B55A1144136AC49C00248869 /* NSInvocation(EMKActionInitializer).m */,
				B55A1145136AC49C00248869 /* NSMethodSignature(EMKMethodTypeEncoding).h */,
				B55A1146136AC49C00248869 /* NSMethodSignature(EMKMethodTypeEncoding).m */,
				B55A1147136AC49C00248869 /* NSObject(EMKAccessors).h */,
				B55A1148136AC49C00248869 /* NSObject(EMKAccessors).m */,
				B55A1149136AC49C00248869 /* NSObject(EMKKVOSelector).h */,
				B55A114A136AC49C00248869 /* NSObject(EMKKVOSelector).m */,
				B55A114B136AC49C00248869 /* NSOperationQueue(EMKDefaultQueue).h */,
				B55A114C136AC49C00248869 /* NSOperationQueue(EMKDefaultQueue).m */,
			);
			path = Foundation;
			sourceTree = "<group>";
		};
		B55A114D136AC49C00248869 /* UIKit */ = {
			isa = PBXGroup;
			children = (
				B55A1150136AC49C00248869 /* EMKTableViewCell.h */,
				B55A1151136AC49C00248869 /* EMKTableViewCell.m */,
				B55A1152136AC49C00248869 /* EMKView.h */,
				B55A1153136AC49C00248869 /* EMKView.m */,
				B55A1154136AC49C00248869 /* UIApplication(EMKNetworkActivityParticipation).h */,
				B55A1155136AC49C00248869 /* UIApplication(EMKNetworkActivityParticipation).m */,
				B55A1156136AC49C00248869 /* UIButton(EMKAccessoryButton).h */,
				B55A1157136AC49C00248869 /* UIButton(EMKAccessoryButton).m */,
				B55A1158136AC49C00248869 /* UILabel(EMKResizing).h */,
				B55A1159136AC49C00248869 /* UILabel(EMKResizing).m */,
				B55A115A136AC49C00248869 /* UINavigationController(EMKRootViewController).h */,
				B55A115B136AC49C00248869 /* UINavigationController(EMKRootViewController).m */,
				B55A115C136AC49C00248869 /* UIView(EMKNibLoading).h */,
				B55A115D136AC49C00248869 /* UIView(EMKNibLoading).m */,
				B55A115E136AC49C00248869 /* UIView(EMKViewSearching).h */,
				B55A115F136AC49C00248869 /* UIView(EMKViewSearching).m */,
				B55A1160136AC49C00248869 /* UIViewController(EMKInitializers).h */,
				B55A1161136AC49C00248869 /* UIViewController(EMKInitializers).m */,
			);
			path = UIKit;
			sourceTree = "<group>";
		};
		B56B1816135EDCF000184810 /* Frameworks */ = {
			isa = PBXGroup;
			children = (
				B55A118A136AC55F00248869 /* CoreData.framework */,
				B56B1819135EDCF000184810 /* Foundation.framework */,
				B56B181B135EDCF000184810 /* CoreGraphics.framework */,
				B56B1817135EDCF000184810 /* UIKit.framework */,
				B56B1877135EF10900184810 /* SenTestingKit.framework */,
			);
			name = Frameworks;
			path = ..;
			sourceTree = "<group>";
		};
		B56B181D135EDCF000184810 /* Tests */ = {
			isa = PBXGroup;
			children = (
				B56B182B135EDD1800184810 /* Tests */,
				B56B181E135EDCF000184810 /* Supporting Files */,
				B56B1816135EDCF000184810 /* Frameworks */,
				B56B1815135EDCF000184810 /* EMKPantryTests.octest */,
			);
			name = Tests;
			path = EMKPantryTests;
			sourceTree = "<group>";
		};
		B56B181E135EDCF000184810 /* Supporting Files */ = {
			isa = PBXGroup;
			children = (
				B56B181F135EDCF000184810 /* EMKPantryTests-Info.plist */,
				B56B1820135EDCF000184810 /* InfoPlist.strings */,
				B56B1823135EDCF000184810 /* EMKPantryTests-Prefix.pch */,
			);
			name = "Supporting Files";
			sourceTree = "<group>";
		};
		B56B182B135EDD1800184810 /* Tests */ = {
			isa = PBXGroup;
			children = (
				B534C3C6136AF355009F0A7B /* CoreData */,
				B534C3C4136AF339009F0A7B /* Foundation */,
				B534C3C5136AF34D009F0A7B /* UIKit */,
			);
			name = Tests;
			sourceTree = "<group>";
		};
		B5DA0F4512EC5D40005735D2 /* View Controllers */ = {
			isa = PBXGroup;
			children = (
				B56D521A136AE55600716455 /* EMKRootViewController.h */,
				B56D521B136AE55600716455 /* EMKRootViewController.m */,
				B56D521C136AE55600716455 /* EMKRootViewController.xib */,
				28D7ACF60DDB3853001CB0EB /* EMKSetControllerViewController.h */,
				28D7ACF70DDB3853001CB0EB /* EMKSetControllerViewController.m */,
				B56D521F136AE56D00716455 /* EMKSetControllerViewController.xib */,
				B534C3C7136AF425009F0A7B /* EMKTypedArrayViewController.h */,
				B534C3C8136AF425009F0A7B /* EMKTypedArrayViewController.m */,
				B534C3C9136AF425009F0A7B /* EMKTypedArrayViewController.xib */,
				B534C3D1136AF4BC009F0A7B /* EMKAssociateDelegateViewController.h */,
				B534C3D2136AF4BC009F0A7B /* EMKAssociateDelegateViewController.m */,
				B534C3D3136AF4BD009F0A7B /* EMKAssociateDelegateViewController.xib */,
				B534C3D6136AF521009F0A7B /* EMKViewViewController.h */,
				B534C3D7136AF521009F0A7B /* EMKViewViewController.m */,
				B534C3D8136AF522009F0A7B /* EMKViewViewController.xib */,
				B534C3DB136AF567009F0A7B /* EMKOperationAndInvocationViewController.h */,
				B534C3DC136AF567009F0A7B /* EMKOperationAndInvocationViewController.m */,
				B534C3DD136AF568009F0A7B /* EMKOperationAndInvocationViewController.xib */,
			);
			name = "View Controllers";
			sourceTree = SOURCE_ROOT;
		};
		B5DA0F4612EC5D50005735D2 /* App Delegate */ = {
			isa = PBXGroup;
			children = (
				1D3623240D0F684500981E51 /* EMKPantryAppDelegate.h */,
				1D3623250D0F684500981E51 /* EMKPantryAppDelegate.m */,
				B56D5221136AE57600716455 /* MainWindow.xib */,
			);
			name = "App Delegate";
			sourceTree = SOURCE_ROOT;
		};
/* End PBXGroup section */

/* Begin PBXNativeTarget section */
		1D6058900D05DD3D006BFB54 /* EMKPantry */ = {
			isa = PBXNativeTarget;
			buildConfigurationList = 1D6058960D05DD3E006BFB54 /* Build configuration list for PBXNativeTarget "EMKPantry" */;
			buildPhases = (
				1D60588D0D05DD3D006BFB54 /* Resources */,
				1D60588E0D05DD3D006BFB54 /* Sources */,
				1D60588F0D05DD3D006BFB54 /* Frameworks */,
			);
			buildRules = (
			);
			dependencies = (
			);
			name = EMKPantry;
			productName = EMKPantry;
			productReference = 1D6058910D05DD3D006BFB54 /* EMKPantry.app */;
			productType = "com.apple.product-type.application";
		};
		B56B1814135EDCF000184810 /* EMKPantryTests */ = {
			isa = PBXNativeTarget;
			buildConfigurationList = B56B1828135EDCF000184810 /* Build configuration list for PBXNativeTarget "EMKPantryTests" */;
			buildPhases = (
				B56B1810135EDCF000184810 /* Sources */,
				B56B1811135EDCF000184810 /* Frameworks */,
				B56B1812135EDCF000184810 /* Resources */,
				B56B1813135EDCF000184810 /* ShellScript */,
			);
			buildRules = (
			);
			dependencies = (
			);
			name = EMKPantryTests;
			productName = EMKPantryTests;
			productReference = B56B1815135EDCF000184810 /* EMKPantryTests.octest */;
			productType = "com.apple.product-type.bundle";
		};
/* End PBXNativeTarget section */

/* Begin PBXProject section */
		29B97313FDCFA39411CA2CEA /* Project object */ = {
			isa = PBXProject;
			attributes = {
				ORGANIZATIONNAME = "Benedict Cohen";
			};
			buildConfigurationList = C01FCF4E08A954540054247B /* Build configuration list for PBXProject "EMKPantry" */;
			compatibilityVersion = "Xcode 3.1";
			developmentRegion = English;
			hasScannedForEncodings = 1;
			knownRegions = (
				English,
				Japanese,
				French,
				German,
				en,
			);
			mainGroup = 29B97314FDCFA39411CA2CEA /* CustomTemplate */;
			productRefGroup = 29B97314FDCFA39411CA2CEA /* CustomTemplate */;
			projectDirPath = "";
			projectRoot = "";
			targets = (
				1D6058900D05DD3D006BFB54 /* EMKPantry */,
				B56B1814135EDCF000184810 /* EMKPantryTests */,
			);
		};
/* End PBXProject section */

/* Begin PBXResourcesBuildPhase section */
		1D60588D0D05DD3D006BFB54 /* Resources */ = {
			isa = PBXResourcesBuildPhase;
			buildActionMask = 2147483647;
			files = (
				B56D521E136AE55700716455 /* EMKRootViewController.xib in Resources */,
				B56D5220136AE56D00716455 /* EMKSetControllerViewController.xib in Resources */,
				B56D5222136AE57600716455 /* MainWindow.xib in Resources */,
				B534C3CB136AF425009F0A7B /* EMKTypedArrayViewController.xib in Resources */,
				B534C3D5136AF4BD009F0A7B /* EMKAssociateDelegateViewController.xib in Resources */,
				B534C3DA136AF522009F0A7B /* EMKViewViewController.xib in Resources */,
				B534C3DF136AF568009F0A7B /* EMKOperationAndInvocationViewController.xib in Resources */,
				B534C3EB136B1FDD009F0A7B /* EMKTestView.xib in Resources */,
			);
			runOnlyForDeploymentPostprocessing = 0;
		};
		B56B1812135EDCF000184810 /* Resources */ = {
			isa = PBXResourcesBuildPhase;
			buildActionMask = 2147483647;
			files = (
				B56B1822135EDCF000184810 /* InfoPlist.strings in Resources */,
			);
			runOnlyForDeploymentPostprocessing = 0;
		};
/* End PBXResourcesBuildPhase section */

/* Begin PBXShellScriptBuildPhase section */
		B56B1813135EDCF000184810 /* ShellScript */ = {
			isa = PBXShellScriptBuildPhase;
			buildActionMask = 2147483647;
			files = (
			);
			inputPaths = (
			);
			outputPaths = (
			);
			runOnlyForDeploymentPostprocessing = 0;
			shellPath = /bin/sh;
			shellScript = "# Run the unit tests in this test bundle.\n\"${SYSTEM_DEVELOPER_DIR}/Tools/RunUnitTests\"\n";
		};
/* End PBXShellScriptBuildPhase section */

/* Begin PBXSourcesBuildPhase section */
		1D60588E0D05DD3D006BFB54 /* Sources */ = {
			isa = PBXSourcesBuildPhase;
			buildActionMask = 2147483647;
			files = (
				1D60589B0D05DD56006BFB54 /* main.m in Sources */,
				1D3623260D0F684500981E51 /* EMKPantryAppDelegate.m in Sources */,
				28D7ACF80DDB3853001CB0EB /* EMKSetControllerViewController.m in Sources */,
				B55A1127136AC35900248869 /* EMKObjectMappingTableViewController.m in Sources */,
				B55A1129136AC35900248869 /* EMKSetController.m in Sources */,
				B55A112B136AC35900248869 /* EMKSetControllerObjectChangeDescription.m in Sources */,
				B55A112D136AC35900248869 /* EMKSetControllerSection.m in Sources */,
				B55A112F136AC35900248869 /* EMKSetControllerSectionChangeDescription.m in Sources */,
				B55A1162136AC49C00248869 /* NSManagedObject(EMKFetchRequest).m in Sources */,
				B55A1164136AC49C00248869 /* EMKAssociateDelegate.m in Sources */,
				B55A1166136AC49C00248869 /* EMKMutableTypedArray.m in Sources */,
				B55A1168136AC49C00248869 /* EMKTypedArray.m in Sources */,
				B55A116A136AC49C00248869 /* NSInvocation(EMKActionInitializer).m in Sources */,
				B55A116C136AC49C00248869 /* NSMethodSignature(EMKMethodTypeEncoding).m in Sources */,
				B55A116E136AC49C00248869 /* NSObject(EMKAccessors).m in Sources */,
				B55A1170136AC49C00248869 /* NSObject(EMKKVOSelector).m in Sources */,
				B55A1172136AC49C00248869 /* NSOperationQueue(EMKDefaultQueue).m in Sources */,
				B55A1176136AC49C00248869 /* EMKTableViewCell.m in Sources */,
				B55A1178136AC49C00248869 /* EMKView.m in Sources */,
				B55A117A136AC49C00248869 /* UIApplication(EMKNetworkActivityParticipation).m in Sources */,
				B55A117C136AC49C00248869 /* UIButton(EMKAccessoryButton).m in Sources */,
				B55A117E136AC49C00248869 /* UILabel(EMKResizing).m in Sources */,
				B55A1180136AC49C00248869 /* UINavigationController(EMKRootViewController).m in Sources */,
				B55A1182136AC49C00248869 /* UIView(EMKNibLoading).m in Sources */,
				B55A1184136AC49C00248869 /* UIView(EMKViewSearching).m in Sources */,
				B55A1186136AC49C00248869 /* UIViewController(EMKInitializers).m in Sources */,
				B56D521D136AE55700716455 /* EMKRootViewController.m in Sources */,
				B534C3CA136AF425009F0A7B /* EMKTypedArrayViewController.m in Sources */,
				B534C3D4136AF4BD009F0A7B /* EMKAssociateDelegateViewController.m in Sources */,
				B534C3D9136AF522009F0A7B /* EMKViewViewController.m in Sources */,
				B534C3DE136AF568009F0A7B /* EMKOperationAndInvocationViewController.m in Sources */,
				B534C3E2136B1E59009F0A7B /* EMKStateArchiving.m in Sources */,
				B534C3EA136B1FDD009F0A7B /* EMKTestView.m in Sources */,
			);
			runOnlyForDeploymentPostprocessing = 0;
		};
		B56B1810135EDCF000184810 /* Sources */ = {
			isa = PBXSourcesBuildPhase;
			buildActionMask = 2147483647;
			files = (
				B56B182E135EF00000184810 /* EMKTypedArrayTest.m in Sources */,
				B5BB924D136430E7004C97C0 /* EMKMutableTypedArrayTest.m in Sources */,
				B55A1128136AC35900248869 /* EMKObjectMappingTableViewController.m in Sources */,
				B55A112A136AC35900248869 /* EMKSetController.m in Sources */,
				B55A112C136AC35900248869 /* EMKSetControllerObjectChangeDescription.m in Sources */,
				B55A112E136AC35900248869 /* EMKSetControllerSection.m in Sources */,
				B55A1130136AC35900248869 /* EMKSetControllerSectionChangeDescription.m in Sources */,
				B55A1163136AC49C00248869 /* NSManagedObject(EMKFetchRequest).m in Sources */,
				B55A1165136AC49C00248869 /* EMKAssociateDelegate.m in Sources */,
				B55A1167136AC49C00248869 /* EMKMutableTypedArray.m in Sources */,
				B55A1169136AC49C00248869 /* EMKTypedArray.m in Sources */,
				B55A116B136AC49C00248869 /* NSInvocation(EMKActionInitializer).m in Sources */,
				B55A116D136AC49C00248869 /* NSMethodSignature(EMKMethodTypeEncoding).m in Sources */,
				B55A116F136AC49C00248869 /* NSObject(EMKAccessors).m in Sources */,
				B55A1171136AC49C00248869 /* NSObject(EMKKVOSelector).m in Sources */,
				B55A1173136AC49C00248869 /* NSOperationQueue(EMKDefaultQueue).m in Sources */,
				B55A1177136AC49C00248869 /* EMKTableViewCell.m in Sources */,
				B55A1179136AC49C00248869 /* EMKView.m in Sources */,
				B55A117B136AC49C00248869 /* UIApplication(EMKNetworkActivityParticipation).m in Sources */,
				B55A117D136AC49C00248869 /* UIButton(EMKAccessoryButton).m in Sources */,
				B55A117F136AC49C00248869 /* UILabel(EMKResizing).m in Sources */,
				B55A1181136AC49C00248869 /* UINavigationController(EMKRootViewController).m in Sources */,
				B55A1183136AC49C00248869 /* UIView(EMKNibLoading).m in Sources */,
				B55A1185136AC49C00248869 /* UIView(EMKViewSearching).m in Sources */,
				B55A1187136AC49C00248869 /* UIViewController(EMKInitializers).m in Sources */,
				B534C3E3136B1E59009F0A7B /* EMKStateArchiving.m in Sources */,
			);
			runOnlyForDeploymentPostprocessing = 0;
		};
/* End PBXSourcesBuildPhase section */

/* Begin PBXVariantGroup section */
		B56B1820135EDCF000184810 /* InfoPlist.strings */ = {
			isa = PBXVariantGroup;
			children = (
				B56B1821135EDCF000184810 /* en */,
			);
			name = InfoPlist.strings;
			sourceTree = "<group>";
		};
/* End PBXVariantGroup section */

/* Begin XCBuildConfiguration section */
		1D6058940D05DD3E006BFB54 /* Debug */ = {
			isa = XCBuildConfiguration;
			buildSettings = {
				ALWAYS_SEARCH_USER_PATHS = NO;
				COPY_PHASE_STRIP = NO;
				GCC_DYNAMIC_NO_PIC = NO;
				GCC_OPTIMIZATION_LEVEL = 0;
				GCC_PRECOMPILE_PREFIX_HEADER = YES;
				GCC_PREFIX_HEADER = EMKPantry_Prefix.pch;
				HEADER_SEARCH_PATHS = "../Classes/**";
				INFOPLIST_FILE = "EMKPantry-Info.plist";
				PRODUCT_NAME = EMKPantry;
				SDKROOT = iphoneos;
			};
			name = Debug;
		};
		1D6058950D05DD3E006BFB54 /* Release */ = {
			isa = XCBuildConfiguration;
			buildSettings = {
				ALWAYS_SEARCH_USER_PATHS = NO;
				COPY_PHASE_STRIP = YES;
				GCC_PRECOMPILE_PREFIX_HEADER = YES;
				GCC_PREFIX_HEADER = EMKPantry_Prefix.pch;
				HEADER_SEARCH_PATHS = "../Classes/**";
				INFOPLIST_FILE = "EMKPantry-Info.plist";
				PRODUCT_NAME = EMKPantry;
				SDKROOT = iphoneos;
				VALIDATE_PRODUCT = YES;
			};
			name = Release;
		};
		B56B1829135EDCF000184810 /* Debug */ = {
			isa = XCBuildConfiguration;
			buildSettings = {
				ALWAYS_SEARCH_USER_PATHS = NO;
				FRAMEWORK_SEARCH_PATHS = (
					"$(inherited)",
					"\"$(DEVELOPER_FRAMEWORKS_DIR)\"",
				);
				GCC_C_LANGUAGE_STANDARD = gnu99;
				GCC_OPTIMIZATION_LEVEL = 0;
				GCC_PRECOMPILE_PREFIX_HEADER = YES;
				GCC_PREFIX_HEADER = "EMKPantryTests/EMKPantryTests-Prefix.pch";
				GCC_PREPROCESSOR_DEFINITIONS = DEBUG;
				GCC_SYMBOLS_PRIVATE_EXTERN = NO;
				INFOPLIST_FILE = "EMKPantryTests/EMKPantryTests-Info.plist";
				IPHONEOS_DEPLOYMENT_TARGET = 4.3;
				OTHER_LDFLAGS = (
					"-framework",
					SenTestingKit,
				);
				PRODUCT_NAME = "$(TARGET_NAME)";
				WRAPPER_EXTENSION = octest;
			};
			name = Debug;
		};
		B56B182A135EDCF000184810 /* Release */ = {
			isa = XCBuildConfiguration;
			buildSettings = {
				ALWAYS_SEARCH_USER_PATHS = NO;
				FRAMEWORK_SEARCH_PATHS = (
					"$(inherited)",
					"\"$(DEVELOPER_FRAMEWORKS_DIR)\"",
				);
				GCC_C_LANGUAGE_STANDARD = gnu99;
				GCC_PRECOMPILE_PREFIX_HEADER = YES;
				GCC_PREFIX_HEADER = "EMKPantryTests/EMKPantryTests-Prefix.pch";
				GCC_VERSION = com.apple.compilers.llvmgcc42;
				INFOPLIST_FILE = "EMKPantryTests/EMKPantryTests-Info.plist";
				IPHONEOS_DEPLOYMENT_TARGET = 4.3;
				OTHER_LDFLAGS = (
					"-framework",
					SenTestingKit,
				);
				PRODUCT_NAME = "$(TARGET_NAME)";
				SDKROOT = iphoneos;
				WRAPPER_EXTENSION = octest;
			};
			name = Release;
		};
		C01FCF4F08A954540054247B /* Debug */ = {
			isa = XCBuildConfiguration;
			buildSettings = {
				ARCHS = "$(ARCHS_STANDARD_32_BIT)";
				"CODE_SIGN_IDENTITY[sdk=iphoneos*]" = "iPhone Developer";
				GCC_C_LANGUAGE_STANDARD = c99;
				GCC_VERSION = com.apple.compilers.llvmgcc42;
				GCC_WARN_ABOUT_RETURN_TYPE = YES;
				GCC_WARN_UNUSED_VARIABLE = YES;
				IPHONEOS_DEPLOYMENT_TARGET = 3.1.3;
				PREBINDING = NO;
				SDKROOT = iphoneos;
			};
			name = Debug;
		};
		C01FCF5008A954540054247B /* Release */ = {
			isa = XCBuildConfiguration;
			buildSettings = {
				ARCHS = "$(ARCHS_STANDARD_32_BIT)";
				"CODE_SIGN_IDENTITY[sdk=iphoneos*]" = "iPhone Developer";
				GCC_C_LANGUAGE_STANDARD = c99;
				GCC_WARN_ABOUT_RETURN_TYPE = YES;
				GCC_WARN_UNUSED_VARIABLE = YES;
				IPHONEOS_DEPLOYMENT_TARGET = 3.1.3;
				OTHER_CFLAGS = "-DNS_BLOCK_ASSERTIONS=1";
				PREBINDING = NO;
				SDKROOT = iphoneos4.1;
			};
			name = Release;
		};
/* End XCBuildConfiguration section */

/* Begin XCConfigurationList section */
		1D6058960D05DD3E006BFB54 /* Build configuration list for PBXNativeTarget "EMKPantry" */ = {
			isa = XCConfigurationList;
			buildConfigurations = (
				1D6058940D05DD3E006BFB54 /* Debug */,
				1D6058950D05DD3E006BFB54 /* Release */,
			);
			defaultConfigurationIsVisible = 0;
			defaultConfigurationName = Release;
		};
		B56B1828135EDCF000184810 /* Build configuration list for PBXNativeTarget "EMKPantryTests" */ = {
			isa = XCConfigurationList;
			buildConfigurations = (
				B56B1829135EDCF000184810 /* Debug */,
				B56B182A135EDCF000184810 /* Release */,
			);
			defaultConfigurationIsVisible = 0;
			defaultConfigurationName = Release;
		};
		C01FCF4E08A954540054247B /* Build configuration list for PBXProject "EMKPantry" */ = {
			isa = XCConfigurationList;
			buildConfigurations = (
				C01FCF4F08A954540054247B /* Debug */,
				C01FCF5008A954540054247B /* Release */,
			);
			defaultConfigurationIsVisible = 0;
			defaultConfigurationName = Release;
		};
/* End XCConfigurationList section */
	};
	rootObject = 29B97313FDCFA39411CA2CEA /* Project object */;
}
